# This file is automatically @generated by Poetry 1.4.2 and should not be changed by hand.

[[package]]
name = "starrlib"
version = "0.1.1"
description = "common starr utils"
category = "main"
optional = false
python-versions = ">=3.11,<4.0"
files = [
    {file = "starrlib-0.1.1-py3-none-any.whl", hash = "sha256:346da94af5e97347d7e794617eb018611e7cc112c8cd56abbdd3654c39f016e7"},
    {file = "starrlib-0.1.1.tar.gz", hash = "sha256:2ff0cdcbcc187811d0669ba259539fe64fda37f1be953491116afc09a5d2bb3c"},
]

[metadata]
lock-version = "2.0"
python-versions = "^3.11"
content-hash = "bb77799ddb812b4121cf329c314e851a5b18273946146e8772dbde9aa0f56cd2"
