# This file is automatically @generated by Poetry 1.8.2 and should not be changed by hand.

[[package]]
name = "cloudpickle"
version = "2.2.0"
description = "Extended pickling support for Python objects"
optional = false
python-versions = ">=3.6"
files = [
    {file = "cloudpickle-2.2.0-py3-none-any.whl", hash = "sha256:7428798d5926d8fcbfd092d18d01a2a03daf8237d8fcdc8095d256b8490796f0"},
    {file = "cloudpickle-2.2.0.tar.gz", hash = "sha256:3f4219469c55453cfe4737e564b67c2a149109dabf7f242478948b895f61106f"},
]

[[package]]
name = "commonmark"
version = "0.9.1"
description = "Python parser for the CommonMark Markdown spec"
optional = false
python-versions = "*"
files = [
    {file = "commonmark-0.9.1-py2.py3-none-any.whl", hash = "sha256:da2f38c92590f83de410ba1a3cbceafbc74fee9def35f9251ba9a971d6d66fd9"},
    {file = "commonmark-0.9.1.tar.gz", hash = "sha256:452f9dc859be7f06631ddcb328b6919c67984aca654e5fefb3914d54691aed60"},
]

[package.extras]
test = ["flake8 (==3.7.8)", "hypothesis (==3.55.3)"]

[[package]]
name = "jinja2"
version = "3.1.4"
description = "A very fast and expressive template engine."
optional = false
python-versions = ">=3.7"
files = [
    {file = "jinja2-3.1.4-py3-none-any.whl", hash = "sha256:bc5dd2abb727a5319567b7a813e6a2e7318c39f4f487cfe6c89c6f9c7d25197d"},
    {file = "jinja2-3.1.4.tar.gz", hash = "sha256:4a3aee7acbbe7303aede8e9648d13b8bf88a429282aa6122a993f0ac800cb369"},
]

[package.dependencies]
MarkupSafe = ">=2.0"

[package.extras]
i18n = ["Babel (>=2.7)"]

[[package]]
name = "markupsafe"
version = "2.1.1"
description = "Safely add untrusted strings to HTML/XML markup."
optional = false
python-versions = ">=3.7"
files = [
    {file = "MarkupSafe-2.1.1-cp310-cp310-macosx_10_9_universal2.whl", hash = "sha256:86b1f75c4e7c2ac2ccdaec2b9022845dbb81880ca318bb7a0a01fbf7813e3812"},
    {file = "MarkupSafe-2.1.1-cp310-cp310-macosx_10_9_x86_64.whl", hash = "sha256:f121a1420d4e173a5d96e47e9a0c0dcff965afdf1626d28de1460815f7c4ee7a"},
    {file = "MarkupSafe-2.1.1-cp310-cp310-manylinux_2_17_aarch64.manylinux2014_aarch64.whl", hash = "sha256:a49907dd8420c5685cfa064a1335b6754b74541bbb3706c259c02ed65b644b3e"},
    {file = "MarkupSafe-2.1.1-cp310-cp310-manylinux_2_17_x86_64.manylinux2014_x86_64.whl", hash = "sha256:10c1bfff05d95783da83491be968e8fe789263689c02724e0c691933c52994f5"},
    {file = "MarkupSafe-2.1.1-cp310-cp310-manylinux_2_5_i686.manylinux1_i686.manylinux_2_17_i686.manylinux2014_i686.whl", hash = "sha256:b7bd98b796e2b6553da7225aeb61f447f80a1ca64f41d83612e6139ca5213aa4"},
    {file = "MarkupSafe-2.1.1-cp310-cp310-musllinux_1_1_aarch64.whl", hash = "sha256:b09bf97215625a311f669476f44b8b318b075847b49316d3e28c08e41a7a573f"},
    {file = "MarkupSafe-2.1.1-cp310-cp310-musllinux_1_1_i686.whl", hash = "sha256:694deca8d702d5db21ec83983ce0bb4b26a578e71fbdbd4fdcd387daa90e4d5e"},
    {file = "MarkupSafe-2.1.1-cp310-cp310-musllinux_1_1_x86_64.whl", hash = "sha256:efc1913fd2ca4f334418481c7e595c00aad186563bbc1ec76067848c7ca0a933"},
    {file = "MarkupSafe-2.1.1-cp310-cp310-win32.whl", hash = "sha256:4a33dea2b688b3190ee12bd7cfa29d39c9ed176bda40bfa11099a3ce5d3a7ac6"},
    {file = "MarkupSafe-2.1.1-cp310-cp310-win_amd64.whl", hash = "sha256:dda30ba7e87fbbb7eab1ec9f58678558fd9a6b8b853530e176eabd064da81417"},
    {file = "MarkupSafe-2.1.1-cp37-cp37m-macosx_10_9_x86_64.whl", hash = "sha256:671cd1187ed5e62818414afe79ed29da836dde67166a9fac6d435873c44fdd02"},
    {file = "MarkupSafe-2.1.1-cp37-cp37m-manylinux_2_17_aarch64.manylinux2014_aarch64.whl", hash = "sha256:3799351e2336dc91ea70b034983ee71cf2f9533cdff7c14c90ea126bfd95d65a"},
    {file = "MarkupSafe-2.1.1-cp37-cp37m-manylinux_2_17_x86_64.manylinux2014_x86_64.whl", hash = "sha256:e72591e9ecd94d7feb70c1cbd7be7b3ebea3f548870aa91e2732960fa4d57a37"},
    {file = "MarkupSafe-2.1.1-cp37-cp37m-manylinux_2_5_i686.manylinux1_i686.manylinux_2_17_i686.manylinux2014_i686.whl", hash = "sha256:6fbf47b5d3728c6aea2abb0589b5d30459e369baa772e0f37a0320185e87c980"},
    {file = "MarkupSafe-2.1.1-cp37-cp37m-musllinux_1_1_aarch64.whl", hash = "sha256:d5ee4f386140395a2c818d149221149c54849dfcfcb9f1debfe07a8b8bd63f9a"},
    {file = "MarkupSafe-2.1.1-cp37-cp37m-musllinux_1_1_i686.whl", hash = "sha256:bcb3ed405ed3222f9904899563d6fc492ff75cce56cba05e32eff40e6acbeaa3"},
    {file = "MarkupSafe-2.1.1-cp37-cp37m-musllinux_1_1_x86_64.whl", hash = "sha256:e1c0b87e09fa55a220f058d1d49d3fb8df88fbfab58558f1198e08c1e1de842a"},
    {file = "MarkupSafe-2.1.1-cp37-cp37m-win32.whl", hash = "sha256:8dc1c72a69aa7e082593c4a203dcf94ddb74bb5c8a731e4e1eb68d031e8498ff"},
    {file = "MarkupSafe-2.1.1-cp37-cp37m-win_amd64.whl", hash = "sha256:97a68e6ada378df82bc9f16b800ab77cbf4b2fada0081794318520138c088e4a"},
    {file = "MarkupSafe-2.1.1-cp38-cp38-macosx_10_9_universal2.whl", hash = "sha256:e8c843bbcda3a2f1e3c2ab25913c80a3c5376cd00c6e8c4a86a89a28c8dc5452"},
    {file = "MarkupSafe-2.1.1-cp38-cp38-macosx_10_9_x86_64.whl", hash = "sha256:0212a68688482dc52b2d45013df70d169f542b7394fc744c02a57374a4207003"},
    {file = "MarkupSafe-2.1.1-cp38-cp38-manylinux_2_17_aarch64.manylinux2014_aarch64.whl", hash = "sha256:8e576a51ad59e4bfaac456023a78f6b5e6e7651dcd383bcc3e18d06f9b55d6d1"},
    {file = "MarkupSafe-2.1.1-cp38-cp38-manylinux_2_17_x86_64.manylinux2014_x86_64.whl", hash = "sha256:4b9fe39a2ccc108a4accc2676e77da025ce383c108593d65cc909add5c3bd601"},
    {file = "MarkupSafe-2.1.1-cp38-cp38-manylinux_2_5_i686.manylinux1_i686.manylinux_2_17_i686.manylinux2014_i686.whl", hash = "sha256:96e37a3dc86e80bf81758c152fe66dbf60ed5eca3d26305edf01892257049925"},
    {file = "MarkupSafe-2.1.1-cp38-cp38-musllinux_1_1_aarch64.whl", hash = "sha256:6d0072fea50feec76a4c418096652f2c3238eaa014b2f94aeb1d56a66b41403f"},
    {file = "MarkupSafe-2.1.1-cp38-cp38-musllinux_1_1_i686.whl", hash = "sha256:089cf3dbf0cd6c100f02945abeb18484bd1ee57a079aefd52cffd17fba910b88"},
    {file = "MarkupSafe-2.1.1-cp38-cp38-musllinux_1_1_x86_64.whl", hash = "sha256:6a074d34ee7a5ce3effbc526b7083ec9731bb3cbf921bbe1d3005d4d2bdb3a63"},
    {file = "MarkupSafe-2.1.1-cp38-cp38-win32.whl", hash = "sha256:421be9fbf0ffe9ffd7a378aafebbf6f4602d564d34be190fc19a193232fd12b1"},
    {file = "MarkupSafe-2.1.1-cp38-cp38-win_amd64.whl", hash = "sha256:fc7b548b17d238737688817ab67deebb30e8073c95749d55538ed473130ec0c7"},
    {file = "MarkupSafe-2.1.1-cp39-cp39-macosx_10_9_universal2.whl", hash = "sha256:e04e26803c9c3851c931eac40c695602c6295b8d432cbe78609649ad9bd2da8a"},
    {file = "MarkupSafe-2.1.1-cp39-cp39-macosx_10_9_x86_64.whl", hash = "sha256:b87db4360013327109564f0e591bd2a3b318547bcef31b468a92ee504d07ae4f"},
    {file = "MarkupSafe-2.1.1-cp39-cp39-manylinux_2_17_aarch64.manylinux2014_aarch64.whl", hash = "sha256:99a2a507ed3ac881b975a2976d59f38c19386d128e7a9a18b7df6fff1fd4c1d6"},
    {file = "MarkupSafe-2.1.1-cp39-cp39-manylinux_2_17_x86_64.manylinux2014_x86_64.whl", hash = "sha256:56442863ed2b06d19c37f94d999035e15ee982988920e12a5b4ba29b62ad1f77"},
    {file = "MarkupSafe-2.1.1-cp39-cp39-manylinux_2_5_i686.manylinux1_i686.manylinux_2_17_i686.manylinux2014_i686.whl", hash = "sha256:3ce11ee3f23f79dbd06fb3d63e2f6af7b12db1d46932fe7bd8afa259a5996603"},
    {file = "MarkupSafe-2.1.1-cp39-cp39-musllinux_1_1_aarch64.whl", hash = "sha256:33b74d289bd2f5e527beadcaa3f401e0df0a89927c1559c8566c066fa4248ab7"},
    {file = "MarkupSafe-2.1.1-cp39-cp39-musllinux_1_1_i686.whl", hash = "sha256:43093fb83d8343aac0b1baa75516da6092f58f41200907ef92448ecab8825135"},
    {file = "MarkupSafe-2.1.1-cp39-cp39-musllinux_1_1_x86_64.whl", hash = "sha256:8e3dcf21f367459434c18e71b2a9532d96547aef8a871872a5bd69a715c15f96"},
    {file = "MarkupSafe-2.1.1-cp39-cp39-win32.whl", hash = "sha256:d4306c36ca495956b6d568d276ac11fdd9c30a36f1b6eb928070dc5360b22e1c"},
    {file = "MarkupSafe-2.1.1-cp39-cp39-win_amd64.whl", hash = "sha256:46d00d6cfecdde84d40e572d63735ef81423ad31184100411e6e3388d405e247"},
    {file = "MarkupSafe-2.1.1.tar.gz", hash = "sha256:7f91197cc9e48f989d12e4e6fbc46495c446636dfc81b9ccf50bb0ec74b91d4b"},
]

[[package]]
name = "orjson"
version = "3.9.15"
description = "Fast, correct Python JSON library supporting dataclasses, datetimes, and numpy"
optional = false
python-versions = ">=3.8"
files = [
    {file = "orjson-3.9.15-cp310-cp310-macosx_10_15_x86_64.macosx_11_0_arm64.macosx_10_15_universal2.whl", hash = "sha256:d61f7ce4727a9fa7680cd6f3986b0e2c732639f46a5e0156e550e35258aa313a"},
    {file = "orjson-3.9.15-cp310-cp310-manylinux_2_17_aarch64.manylinux2014_aarch64.whl", hash = "sha256:4feeb41882e8aa17634b589533baafdceb387e01e117b1ec65534ec724023d04"},
    {file = "orjson-3.9.15-cp310-cp310-manylinux_2_17_armv7l.manylinux2014_armv7l.whl", hash = "sha256:fbbeb3c9b2edb5fd044b2a070f127a0ac456ffd079cb82746fc84af01ef021a4"},
    {file = "orjson-3.9.15-cp310-cp310-manylinux_2_17_ppc64le.manylinux2014_ppc64le.whl", hash = "sha256:b66bcc5670e8a6b78f0313bcb74774c8291f6f8aeef10fe70e910b8040f3ab75"},
    {file = "orjson-3.9.15-cp310-cp310-manylinux_2_17_s390x.manylinux2014_s390x.whl", hash = "sha256:2973474811db7b35c30248d1129c64fd2bdf40d57d84beed2a9a379a6f57d0ab"},
    {file = "orjson-3.9.15-cp310-cp310-manylinux_2_17_x86_64.manylinux2014_x86_64.whl", hash = "sha256:9fe41b6f72f52d3da4db524c8653e46243c8c92df826ab5ffaece2dba9cccd58"},
    {file = "orjson-3.9.15-cp310-cp310-musllinux_1_2_aarch64.whl", hash = "sha256:4228aace81781cc9d05a3ec3a6d2673a1ad0d8725b4e915f1089803e9efd2b99"},
    {file = "orjson-3.9.15-cp310-cp310-musllinux_1_2_x86_64.whl", hash = "sha256:6f7b65bfaf69493c73423ce9db66cfe9138b2f9ef62897486417a8fcb0a92bfe"},
    {file = "orjson-3.9.15-cp310-none-win32.whl", hash = "sha256:2d99e3c4c13a7b0fb3792cc04c2829c9db07838fb6973e578b85c1745e7d0ce7"},
    {file = "orjson-3.9.15-cp310-none-win_amd64.whl", hash = "sha256:b725da33e6e58e4a5d27958568484aa766e825e93aa20c26c91168be58e08cbb"},
    {file = "orjson-3.9.15-cp311-cp311-macosx_10_15_x86_64.macosx_11_0_arm64.macosx_10_15_universal2.whl", hash = "sha256:c8e8fe01e435005d4421f183038fc70ca85d2c1e490f51fb972db92af6e047c2"},
    {file = "orjson-3.9.15-cp311-cp311-manylinux_2_17_aarch64.manylinux2014_aarch64.whl", hash = "sha256:87f1097acb569dde17f246faa268759a71a2cb8c96dd392cd25c668b104cad2f"},
    {file = "orjson-3.9.15-cp311-cp311-manylinux_2_17_armv7l.manylinux2014_armv7l.whl", hash = "sha256:ff0f9913d82e1d1fadbd976424c316fbc4d9c525c81d047bbdd16bd27dd98cfc"},
    {file = "orjson-3.9.15-cp311-cp311-manylinux_2_17_ppc64le.manylinux2014_ppc64le.whl", hash = "sha256:8055ec598605b0077e29652ccfe9372247474375e0e3f5775c91d9434e12d6b1"},
    {file = "orjson-3.9.15-cp311-cp311-manylinux_2_17_s390x.manylinux2014_s390x.whl", hash = "sha256:d6768a327ea1ba44c9114dba5fdda4a214bdb70129065cd0807eb5f010bfcbb5"},
    {file = "orjson-3.9.15-cp311-cp311-manylinux_2_17_x86_64.manylinux2014_x86_64.whl", hash = "sha256:12365576039b1a5a47df01aadb353b68223da413e2e7f98c02403061aad34bde"},
    {file = "orjson-3.9.15-cp311-cp311-musllinux_1_2_aarch64.whl", hash = "sha256:71c6b009d431b3839d7c14c3af86788b3cfac41e969e3e1c22f8a6ea13139404"},
    {file = "orjson-3.9.15-cp311-cp311-musllinux_1_2_x86_64.whl", hash = "sha256:e18668f1bd39e69b7fed19fa7cd1cd110a121ec25439328b5c89934e6d30d357"},
    {file = "orjson-3.9.15-cp311-none-win32.whl", hash = "sha256:62482873e0289cf7313461009bf62ac8b2e54bc6f00c6fabcde785709231a5d7"},
    {file = "orjson-3.9.15-cp311-none-win_amd64.whl", hash = "sha256:b3d336ed75d17c7b1af233a6561cf421dee41d9204aa3cfcc6c9c65cd5bb69a8"},
    {file = "orjson-3.9.15-cp312-cp312-macosx_10_15_x86_64.macosx_11_0_arm64.macosx_10_15_universal2.whl", hash = "sha256:82425dd5c7bd3adfe4e94c78e27e2fa02971750c2b7ffba648b0f5d5cc016a73"},
    {file = "orjson-3.9.15-cp312-cp312-manylinux_2_17_aarch64.manylinux2014_aarch64.whl", hash = "sha256:2c51378d4a8255b2e7c1e5cc430644f0939539deddfa77f6fac7b56a9784160a"},
    {file = "orjson-3.9.15-cp312-cp312-manylinux_2_17_armv7l.manylinux2014_armv7l.whl", hash = "sha256:6ae4e06be04dc00618247c4ae3f7c3e561d5bc19ab6941427f6d3722a0875ef7"},
    {file = "orjson-3.9.15-cp312-cp312-manylinux_2_17_ppc64le.manylinux2014_ppc64le.whl", hash = "sha256:bcef128f970bb63ecf9a65f7beafd9b55e3aaf0efc271a4154050fc15cdb386e"},
    {file = "orjson-3.9.15-cp312-cp312-manylinux_2_17_s390x.manylinux2014_s390x.whl", hash = "sha256:b72758f3ffc36ca566ba98a8e7f4f373b6c17c646ff8ad9b21ad10c29186f00d"},
    {file = "orjson-3.9.15-cp312-cp312-manylinux_2_17_x86_64.manylinux2014_x86_64.whl", hash = "sha256:10c57bc7b946cf2efa67ac55766e41764b66d40cbd9489041e637c1304400494"},
    {file = "orjson-3.9.15-cp312-cp312-musllinux_1_2_aarch64.whl", hash = "sha256:946c3a1ef25338e78107fba746f299f926db408d34553b4754e90a7de1d44068"},
    {file = "orjson-3.9.15-cp312-cp312-musllinux_1_2_x86_64.whl", hash = "sha256:2f256d03957075fcb5923410058982aea85455d035607486ccb847f095442bda"},
    {file = "orjson-3.9.15-cp312-none-win_amd64.whl", hash = "sha256:5bb399e1b49db120653a31463b4a7b27cf2fbfe60469546baf681d1b39f4edf2"},
    {file = "orjson-3.9.15-cp38-cp38-macosx_10_15_x86_64.macosx_11_0_arm64.macosx_10_15_universal2.whl", hash = "sha256:b17f0f14a9c0ba55ff6279a922d1932e24b13fc218a3e968ecdbf791b3682b25"},
    {file = "orjson-3.9.15-cp38-cp38-manylinux_2_17_aarch64.manylinux2014_aarch64.whl", hash = "sha256:7f6cbd8e6e446fb7e4ed5bac4661a29e43f38aeecbf60c4b900b825a353276a1"},
    {file = "orjson-3.9.15-cp38-cp38-manylinux_2_17_armv7l.manylinux2014_armv7l.whl", hash = "sha256:76bc6356d07c1d9f4b782813094d0caf1703b729d876ab6a676f3aaa9a47e37c"},
    {file = "orjson-3.9.15-cp38-cp38-manylinux_2_17_ppc64le.manylinux2014_ppc64le.whl", hash = "sha256:fdfa97090e2d6f73dced247a2f2d8004ac6449df6568f30e7fa1a045767c69a6"},
    {file = "orjson-3.9.15-cp38-cp38-manylinux_2_17_s390x.manylinux2014_s390x.whl", hash = "sha256:7413070a3e927e4207d00bd65f42d1b780fb0d32d7b1d951f6dc6ade318e1b5a"},
    {file = "orjson-3.9.15-cp38-cp38-manylinux_2_17_x86_64.manylinux2014_x86_64.whl", hash = "sha256:9cf1596680ac1f01839dba32d496136bdd5d8ffb858c280fa82bbfeb173bdd40"},
    {file = "orjson-3.9.15-cp38-cp38-musllinux_1_2_aarch64.whl", hash = "sha256:809d653c155e2cc4fd39ad69c08fdff7f4016c355ae4b88905219d3579e31eb7"},
    {file = "orjson-3.9.15-cp38-cp38-musllinux_1_2_x86_64.whl", hash = "sha256:920fa5a0c5175ab14b9c78f6f820b75804fb4984423ee4c4f1e6d748f8b22bc1"},
    {file = "orjson-3.9.15-cp38-none-win32.whl", hash = "sha256:2b5c0f532905e60cf22a511120e3719b85d9c25d0e1c2a8abb20c4dede3b05a5"},
    {file = "orjson-3.9.15-cp38-none-win_amd64.whl", hash = "sha256:67384f588f7f8daf040114337d34a5188346e3fae6c38b6a19a2fe8c663a2f9b"},
    {file = "orjson-3.9.15-cp39-cp39-macosx_10_15_x86_64.macosx_11_0_arm64.macosx_10_15_universal2.whl", hash = "sha256:6fc2fe4647927070df3d93f561d7e588a38865ea0040027662e3e541d592811e"},
    {file = "orjson-3.9.15-cp39-cp39-manylinux_2_17_aarch64.manylinux2014_aarch64.whl", hash = "sha256:34cbcd216e7af5270f2ffa63a963346845eb71e174ea530867b7443892d77180"},
    {file = "orjson-3.9.15-cp39-cp39-manylinux_2_17_armv7l.manylinux2014_armv7l.whl", hash = "sha256:f541587f5c558abd93cb0de491ce99a9ef8d1ae29dd6ab4dbb5a13281ae04cbd"},
    {file = "orjson-3.9.15-cp39-cp39-manylinux_2_17_ppc64le.manylinux2014_ppc64le.whl", hash = "sha256:92255879280ef9c3c0bcb327c5a1b8ed694c290d61a6a532458264f887f052cb"},
    {file = "orjson-3.9.15-cp39-cp39-manylinux_2_17_s390x.manylinux2014_s390x.whl", hash = "sha256:05a1f57fb601c426635fcae9ddbe90dfc1ed42245eb4c75e4960440cac667262"},
    {file = "orjson-3.9.15-cp39-cp39-manylinux_2_17_x86_64.manylinux2014_x86_64.whl", hash = "sha256:ede0bde16cc6e9b96633df1631fbcd66491d1063667f260a4f2386a098393790"},
    {file = "orjson-3.9.15-cp39-cp39-musllinux_1_2_aarch64.whl", hash = "sha256:e88b97ef13910e5f87bcbc4dd7979a7de9ba8702b54d3204ac587e83639c0c2b"},
    {file = "orjson-3.9.15-cp39-cp39-musllinux_1_2_x86_64.whl", hash = "sha256:57d5d8cf9c27f7ef6bc56a5925c7fbc76b61288ab674eb352c26ac780caa5b10"},
    {file = "orjson-3.9.15-cp39-none-win32.whl", hash = "sha256:001f4eb0ecd8e9ebd295722d0cbedf0748680fb9998d3993abaed2f40587257a"},
    {file = "orjson-3.9.15-cp39-none-win_amd64.whl", hash = "sha256:ea0b183a5fe6b2b45f3b854b0d19c4e932d6f5934ae1f723b07cf9560edd4ec7"},
    {file = "orjson-3.9.15.tar.gz", hash = "sha256:95cae920959d772f30ab36d3b25f83bb0f3be671e986c72ce22f8fa700dae061"},
]

[[package]]
name = "pygments"
version = "2.15.0"
description = "Pygments is a syntax highlighting package written in Python."
optional = false
python-versions = ">=3.7"
files = [
    {file = "Pygments-2.15.0-py3-none-any.whl", hash = "sha256:77a3299119af881904cd5ecd1ac6a66214b6e9bed1f2db16993b54adede64094"},
    {file = "Pygments-2.15.0.tar.gz", hash = "sha256:f7e36cffc4c517fbc252861b9a6e4644ca0e5abadf9a113c72d1358ad09b9500"},
]

[package.extras]
plugins = ["importlib-metadata"]

[[package]]
name = "pynvml"
version = "11.4.1"
description = "Python Bindings for the NVIDIA Management Library"
optional = false
python-versions = ">=3.6"
files = [
    {file = "pynvml-11.4.1-py3-none-any.whl", hash = "sha256:d27be542cd9d06558de18e2deffc8022ccd7355bc7382255d477038e7e424c6c"},
    {file = "pynvml-11.4.1.tar.gz", hash = "sha256:b2e4a33b80569d093b513f5804db0c7f40cfc86f15a013ae7a8e99c5e175d5dd"},
]

[[package]]
name = "python-rapidjson"
version = "1.11"
description = "Python wrapper around rapidjson"
optional = false
python-versions = ">=3.6"
files = [
    {file = "python-rapidjson-1.11.tar.gz", hash = "sha256:94cf045b37517e88d6b07ab21ef09e5e2337cc151160eb9a1e01d6e39ae3eab4"},
    {file = "python_rapidjson-1.11-cp310-cp310-macosx_10_9_x86_64.whl", hash = "sha256:69aee99fb23ec35913fc1a998eb1194e24df4b551918c249148e992930412782"},
    {file = "python_rapidjson-1.11-cp310-cp310-manylinux_2_17_aarch64.manylinux2014_aarch64.whl", hash = "sha256:9dc7d16155711a9699ee479e57a48d85e8081c08ac9025dab850f50c2a19cb39"},
    {file = "python_rapidjson-1.11-cp310-cp310-manylinux_2_17_ppc64le.manylinux2014_ppc64le.whl", hash = "sha256:47e42c8371145db1c573d6a5119fcd8b77f121c9bfde6422dc1af0a903dd0c9f"},
    {file = "python_rapidjson-1.11-cp310-cp310-manylinux_2_17_x86_64.manylinux2014_x86_64.whl", hash = "sha256:6192bcad796947cdec719238f8cf01bb3a68fb8f762d259fc59ddb8a9e28fe24"},
    {file = "python_rapidjson-1.11-cp310-cp310-manylinux_2_5_i686.manylinux1_i686.manylinux_2_17_i686.manylinux2014_i686.whl", hash = "sha256:1642783d9887e3a1e946ca434a6fab009459ca08f4b7a8f1b04027e4285c8223"},
    {file = "python_rapidjson-1.11-cp310-cp310-musllinux_1_1_aarch64.whl", hash = "sha256:2ca14f33ba75213fe0ba36b7db77d200a3186d466fe5c1280129b29eafb09d2d"},
    {file = "python_rapidjson-1.11-cp310-cp310-musllinux_1_1_i686.whl", hash = "sha256:357b4f5da62093948f4a8a2278c11636a44350e19f2dcc1b274d954527967d19"},
    {file = "python_rapidjson-1.11-cp310-cp310-musllinux_1_1_ppc64le.whl", hash = "sha256:4159e552c3edbc3e90ca044ef782b06d525a98f9d60b973c436edc86b53f1ccf"},
    {file = "python_rapidjson-1.11-cp310-cp310-musllinux_1_1_x86_64.whl", hash = "sha256:bc8602cd5085042dea270d47fce3fce37297ca7a6d6439879c8a8062e68eb0f2"},
    {file = "python_rapidjson-1.11-cp310-cp310-win32.whl", hash = "sha256:75747543d3b30404221552700770df3477a77a3c6c38873d077f05cfef25c029"},
    {file = "python_rapidjson-1.11-cp310-cp310-win_amd64.whl", hash = "sha256:40b08c0ec99cb5a52e8ca8a16fd32fe9f2403acb1192ffff6e3190b029d1f477"},
    {file = "python_rapidjson-1.11-cp311-cp311-macosx_10_9_x86_64.whl", hash = "sha256:d1de9aecc64cb8cbdc671ba8fc0c6d30558ac90c5cb3b9227019cfbe2fde5c5a"},
    {file = "python_rapidjson-1.11-cp311-cp311-manylinux_2_17_aarch64.manylinux2014_aarch64.whl", hash = "sha256:ec1f9485c5a3a66f6db73752a193b08c7fc57486416946c4d2ae317c90460114"},
    {file = "python_rapidjson-1.11-cp311-cp311-manylinux_2_17_ppc64le.manylinux2014_ppc64le.whl", hash = "sha256:4d308eddc99fc66b696d33a67ba93635ae4493e646d6f4c11d0fb9d5183e2477"},
    {file = "python_rapidjson-1.11-cp311-cp311-manylinux_2_17_x86_64.manylinux2014_x86_64.whl", hash = "sha256:f2dec01050418764e07e3d752f9203d774d05fb91c636ca7f20b78a5c17ea1a1"},
    {file = "python_rapidjson-1.11-cp311-cp311-manylinux_2_5_i686.manylinux1_i686.manylinux_2_17_i686.manylinux2014_i686.whl", hash = "sha256:a50afbb1b41631e22280b72078b78b9a708a6cbf2f14bfb469e42bd9bb576307"},
    {file = "python_rapidjson-1.11-cp311-cp311-musllinux_1_1_aarch64.whl", hash = "sha256:d89f40bbb09627312a2b6c6bbd1a3e6fb722c87919e82ce5912f246b6b455fb0"},
    {file = "python_rapidjson-1.11-cp311-cp311-musllinux_1_1_i686.whl", hash = "sha256:5508da0bb801b5de138f4f649ca0efbe3a16fa98e99ae016cc5fc4fa3455a7e4"},
    {file = "python_rapidjson-1.11-cp311-cp311-musllinux_1_1_ppc64le.whl", hash = "sha256:4e5728fcc7fd43ff310035aaef3188c265e496a63b39eef282e87b8cd5f1bc07"},
    {file = "python_rapidjson-1.11-cp311-cp311-musllinux_1_1_x86_64.whl", hash = "sha256:3a6651871e970595517a51942c295e5721cd8c103bd5013854ca7636776786cd"},
    {file = "python_rapidjson-1.11-cp311-cp311-win32.whl", hash = "sha256:5386c925fa40ea126db02ccb35e5962387fe376b6a1ebc6fe524dd9d5a31bcfa"},
    {file = "python_rapidjson-1.11-cp311-cp311-win_amd64.whl", hash = "sha256:1e8a9c603d1f5c6ae1866e8a48c54995a844f490f81a66314dc28b6980d914dd"},
    {file = "python_rapidjson-1.11-cp312-cp312-macosx_10_9_x86_64.whl", hash = "sha256:20445a3726fcc642d4c1e02d77f26d9a74efd00148e525e067d6866d5dc8924b"},
    {file = "python_rapidjson-1.11-cp312-cp312-manylinux_2_17_aarch64.manylinux2014_aarch64.whl", hash = "sha256:f03eddb0580b88db1001966d8abd6d385ca81e47efc93ab6fa4bda136ec40275"},
    {file = "python_rapidjson-1.11-cp312-cp312-manylinux_2_17_ppc64le.manylinux2014_ppc64le.whl", hash = "sha256:3213a83857a0b8c1202e8efc7fc82f5ac0c9a8417b8ae87d795ec8fef2e5466f"},
    {file = "python_rapidjson-1.11-cp312-cp312-manylinux_2_17_x86_64.manylinux2014_x86_64.whl", hash = "sha256:e963fd1723026c42de5103fe51be95021b86828a0b9c580c38043d1e741f201f"},
    {file = "python_rapidjson-1.11-cp312-cp312-manylinux_2_5_i686.manylinux1_i686.manylinux_2_17_i686.manylinux2014_i686.whl", hash = "sha256:804d35f7f42eda1d9e1fcb8256fd8127795fafc519debe817aeaa88ebf109b2b"},
    {file = "python_rapidjson-1.11-cp312-cp312-musllinux_1_1_aarch64.whl", hash = "sha256:a8a057d5fce321686008d1a8dc59a2d59525e49bb3a78b0dda5014998c89d0ce"},
    {file = "python_rapidjson-1.11-cp312-cp312-musllinux_1_1_i686.whl", hash = "sha256:96c1ef61c3ded0d12c65718be22fd9074cb47e29b549e68c21793edf2dc35ac8"},
    {file = "python_rapidjson-1.11-cp312-cp312-musllinux_1_1_ppc64le.whl", hash = "sha256:a6a1b79b9a86d735e6ed86076cf2f1a9405c0d539446c4c1bcc85cc072e276b7"},
    {file = "python_rapidjson-1.11-cp312-cp312-musllinux_1_1_x86_64.whl", hash = "sha256:6a88fc85400ce8d8cc5f2a1813638b2ee4fbaa4bdf29cbb5a5c2fd59ba323797"},
    {file = "python_rapidjson-1.11-cp312-cp312-win32.whl", hash = "sha256:23de14925227b6ef8c5fe3f9ef67e83b5da113f5b6e709ab459e141f45d7dcfa"},
    {file = "python_rapidjson-1.11-cp312-cp312-win_amd64.whl", hash = "sha256:20e1004572ba9c39ac64d54d1df74baad838dda6bf14438c0fc00bf26db3e703"},
    {file = "python_rapidjson-1.11-cp38-cp38-macosx_10_9_x86_64.whl", hash = "sha256:30091f1d21adc43849c5981afd3afea895e9a683f7d29ad13386db13b8a8c92c"},
    {file = "python_rapidjson-1.11-cp38-cp38-manylinux_2_17_aarch64.manylinux2014_aarch64.whl", hash = "sha256:d645f5484b998115328f8a3ea8d8eddc1ad2d53a9d044a031e568749ee2b56d2"},
    {file = "python_rapidjson-1.11-cp38-cp38-manylinux_2_17_ppc64le.manylinux2014_ppc64le.whl", hash = "sha256:96c5f92b8eaf009fe75e42416a12b6dca890f71cb20a874318eddf30220a7770"},
    {file = "python_rapidjson-1.11-cp38-cp38-manylinux_2_17_x86_64.manylinux2014_x86_64.whl", hash = "sha256:75cbce7bdde1e1b42fd667e45d32c46798fb0552da83b94a9df02eba1cea4a5f"},
    {file = "python_rapidjson-1.11-cp38-cp38-manylinux_2_5_i686.manylinux1_i686.manylinux_2_17_i686.manylinux2014_i686.whl", hash = "sha256:6538095ebfc21ef28df12c35d34855c0bf65797e9d6c3321a85606a5436ab21e"},
    {file = "python_rapidjson-1.11-cp38-cp38-musllinux_1_1_aarch64.whl", hash = "sha256:e8381d7c2af50ffd490021e5a137b9878df606628abe51e9d2fa5728cd5b7508"},
    {file = "python_rapidjson-1.11-cp38-cp38-musllinux_1_1_i686.whl", hash = "sha256:87564e741ce808e3b5952e2546b8a95444d11bcc2a4bfc0ea2218c8e6e7b7d53"},
    {file = "python_rapidjson-1.11-cp38-cp38-musllinux_1_1_ppc64le.whl", hash = "sha256:d86b9b1f2002865a5a85ae9ace26c0c7a51707ee1a84773cf5dcfbcfc57d66a7"},
    {file = "python_rapidjson-1.11-cp38-cp38-musllinux_1_1_x86_64.whl", hash = "sha256:c7d0e814f0420962071421ab6070b9551139ee6dfb31d569db65dbba5333b668"},
    {file = "python_rapidjson-1.11-cp38-cp38-win32.whl", hash = "sha256:ecd854545aa80da936d2294aa18198899db48547ee0d0da04695e78fc7f9c4d5"},
    {file = "python_rapidjson-1.11-cp38-cp38-win_amd64.whl", hash = "sha256:626031b471b0304604e4423f12cecfef3d4b2e3f84caf7533a98a9eb121e8451"},
    {file = "python_rapidjson-1.11-cp39-cp39-macosx_10_9_x86_64.whl", hash = "sha256:0c90afd649c527888bcc8c845804eb855b79dc0d8ce9ad70a46fb7ffda9c8eb4"},
    {file = "python_rapidjson-1.11-cp39-cp39-manylinux_2_17_aarch64.manylinux2014_aarch64.whl", hash = "sha256:20c63e6032b394fe830db200d9c9db5b37b52a9807003c50ff0c00cc87916849"},
    {file = "python_rapidjson-1.11-cp39-cp39-manylinux_2_17_ppc64le.manylinux2014_ppc64le.whl", hash = "sha256:80b9e086ffb818ed063ad577cf034d96141b4c041b8e212d6eaf0c20554b3c03"},
    {file = "python_rapidjson-1.11-cp39-cp39-manylinux_2_17_x86_64.manylinux2014_x86_64.whl", hash = "sha256:f56f352c50e43ccd941bf5f4b4e9ce6b62b430d3046795b56a0b5cbb4d2327cb"},
    {file = "python_rapidjson-1.11-cp39-cp39-manylinux_2_5_i686.manylinux1_i686.manylinux_2_17_i686.manylinux2014_i686.whl", hash = "sha256:ca01f1596e039061085bf5f9a9dd9f048806bd7af31320b52393704d7e661cb8"},
    {file = "python_rapidjson-1.11-cp39-cp39-musllinux_1_1_aarch64.whl", hash = "sha256:b42dc67a3f65b02908a5ebe9de10c47364e011e12df8c7c6f19d784f8d9891ab"},
    {file = "python_rapidjson-1.11-cp39-cp39-musllinux_1_1_i686.whl", hash = "sha256:03ffea9363943865caa1ac1812ad931aea441fb217f6fb6778886da10c70cb6f"},
    {file = "python_rapidjson-1.11-cp39-cp39-musllinux_1_1_ppc64le.whl", hash = "sha256:bbedeab7862b6e94a1e9e9b93c306b25aa23992af2c1b4ab2d3d13c710e92d4f"},
    {file = "python_rapidjson-1.11-cp39-cp39-musllinux_1_1_x86_64.whl", hash = "sha256:90e8b1a25193a48cf41bc4cf73177951e99dd05c7fcea4df94ad4ca239748a25"},
    {file = "python_rapidjson-1.11-cp39-cp39-win32.whl", hash = "sha256:7348122657919d48bc021ce7ef63276653942dc90b16eba4e7fffb917bcf7ae0"},
    {file = "python_rapidjson-1.11-cp39-cp39-win_amd64.whl", hash = "sha256:7ed9f6526c4704154397566037089e7aed6e6e9465382dda5fd64d2f122a37c8"},
]

[[package]]
name = "rich"
version = "12.6.0"
description = "Render rich text, tables, progress bars, syntax highlighting, markdown and more to the terminal"
optional = false
python-versions = ">=3.6.3,<4.0.0"
files = [
    {file = "rich-12.6.0-py3-none-any.whl", hash = "sha256:a4eb26484f2c82589bd9a17c73d32a010b1e29d89f1604cd9bf3a2097b81bb5e"},
    {file = "rich-12.6.0.tar.gz", hash = "sha256:ba3a3775974105c221d31141f2c116f4fd65c5ceb0698657a11e9f295ec93fd0"},
]

[package.dependencies]
commonmark = ">=0.9.0,<0.10.0"
pygments = ">=2.6.0,<3.0.0"

[package.extras]
jupyter = ["ipywidgets (>=7.5.1,<8.0.0)"]

[[package]]
name = "scalene"
version = "1.5.19"
description = "Scalene: A high-resolution, low-overhead CPU, GPU, and memory profiler for Python"
optional = false
python-versions = ">=3.8"
files = [
    {file = "scalene-1.5.19-cp310-cp310-macosx_11_7_universal2.whl", hash = "sha256:78480f92f5098fffdcba4e4cd540fdb6b7a95ff933ee93e1056b0aa2ab746643"},
    {file = "scalene-1.5.19-cp310-cp310-manylinux_2_24_x86_64.whl", hash = "sha256:1da57151f00c70446309c9b52843ce7b437bbf32d336a7c309d4fe0b8deda2a2"},
    {file = "scalene-1.5.19-cp310-cp310-win_amd64.whl", hash = "sha256:cdb9be734cfb6b42eef1105fee1876a5c465eb72e109c0d0ceea6e6bdbce21c6"},
    {file = "scalene-1.5.19-cp311-cp311-macosx_10_9_universal2.whl", hash = "sha256:dd2b29bd13eaafdd98090108357680c1a6fa88067b4e71313252aa065bbe6ec1"},
    {file = "scalene-1.5.19-cp311-cp311-manylinux_2_24_x86_64.whl", hash = "sha256:2dac52555518c7159d2fd9c8c7c31ffa8b6a74f21d1b40a9d315a77f4a7f97ed"},
    {file = "scalene-1.5.19-cp311-cp311-win_amd64.whl", hash = "sha256:eeef31408df35972e54a39ae2d2f1aeab111f2d53d0a78061e45dcf024c6e01d"},
    {file = "scalene-1.5.19-cp37-cp37m-macosx_10_15_universal2.whl", hash = "sha256:58fb40d031081a55e813f292b2d85b64d7558a372832d8e456f7fe2113adf182"},
    {file = "scalene-1.5.19-cp37-cp37m-manylinux_2_24_x86_64.whl", hash = "sha256:50084cd5c2c4732f845011a7a5407c567df52160b5604a8b4b01ee8b0afee985"},
    {file = "scalene-1.5.19-cp38-cp38-macosx_10_15_universal2.whl", hash = "sha256:0997b1f1ec90e079a73349d702b18df60e6b24c31c255d3e8d6ec6a8b03493c8"},
    {file = "scalene-1.5.19-cp38-cp38-manylinux_2_24_x86_64.whl", hash = "sha256:f67f39321548c06de440319bdd70c41c14b6c50d4748226a101402995677cade"},
    {file = "scalene-1.5.19-cp38-cp38-win_amd64.whl", hash = "sha256:7a1d452ad4d32cf8adb8b86cae4e5b9c7bff866fff1c43618f9ad114b9ecac32"},
    {file = "scalene-1.5.19-cp39-cp39-macosx_11_7_universal2.whl", hash = "sha256:6c08f3bc0b6355db3c34f0e9aea1b291e64675bb832e19758ee751918787cac0"},
    {file = "scalene-1.5.19-cp39-cp39-manylinux_2_24_x86_64.whl", hash = "sha256:d8bc53334b13e486ed6ba03fe4b7595ad4038d05537793eed9999952ba1b34c6"},
    {file = "scalene-1.5.19-cp39-cp39-win_amd64.whl", hash = "sha256:d1fd5d83f3c022ddc46049f29823351b8dbdb8590f5803358fa6034784601f24"},
    {file = "scalene-1.5.19.tar.gz", hash = "sha256:59c5eaaa64f4990444f9606e841b268d49f55dcd7467162e48f9658150a9cd1e"},
]

[package.dependencies]
cloudpickle = ">=1.5.0"
Jinja2 = ">=3.0.3"
pynvml = ">=11.0.0"
rich = ">=10.7.0"
wheel = ">=0.36.1"

[[package]]
name = "wheel"
version = "0.38.4"
description = "A built-package format for Python"
optional = false
python-versions = ">=3.7"
files = [
    {file = "wheel-0.38.4-py3-none-any.whl", hash = "sha256:b60533f3f5d530e971d6737ca6d58681ee434818fab630c83a734bb10c083ce8"},
    {file = "wheel-0.38.4.tar.gz", hash = "sha256:965f5259b566725405b05e7cf774052044b1ed30119b5d586b2703aafe8719ac"},
]

[package.extras]
test = ["pytest (>=3.0.0)"]

[metadata]
lock-version = "2.0"
python-versions = "^3.10"
content-hash = "970be959508c4777cdc00494a0e0bf3d94d9dc3d462e792050a693b38e850331"
