# This file is automatically @generated by Poetry 1.6.1 and should not be changed by hand.

[[package]]
name = "cloudpickle"
version = "2.2.0"
description = "Extended pickling support for Python objects"
optional = false
python-versions = ">=3.6"
files = [
    {file = "cloudpickle-2.2.0-py3-none-any.whl", hash = "sha256:7428798d5926d8fcbfd092d18d01a2a03daf8237d8fcdc8095d256b8490796f0"},
    {file = "cloudpickle-2.2.0.tar.gz", hash = "sha256:3f4219469c55453cfe4737e564b67c2a149109dabf7f242478948b895f61106f"},
]

[[package]]
name = "commonmark"
version = "0.9.1"
description = "Python parser for the CommonMark Markdown spec"
optional = false
python-versions = "*"
files = [
    {file = "commonmark-0.9.1-py2.py3-none-any.whl", hash = "sha256:da2f38c92590f83de410ba1a3cbceafbc74fee9def35f9251ba9a971d6d66fd9"},
    {file = "commonmark-0.9.1.tar.gz", hash = "sha256:452f9dc859be7f06631ddcb328b6919c67984aca654e5fefb3914d54691aed60"},
]

[package.extras]
test = ["flake8 (==3.7.8)", "hypothesis (==3.55.3)"]

[[package]]
name = "jinja2"
version = "3.1.2"
description = "A very fast and expressive template engine."
optional = false
python-versions = ">=3.7"
files = [
    {file = "Jinja2-3.1.2-py3-none-any.whl", hash = "sha256:6088930bfe239f0e6710546ab9c19c9ef35e29792895fed6e6e31a023a182a61"},
    {file = "Jinja2-3.1.2.tar.gz", hash = "sha256:31351a702a408a9e7595a8fc6150fc3f43bb6bf7e319770cbc0db9df9437e852"},
]

[package.dependencies]
MarkupSafe = ">=2.0"

[package.extras]
i18n = ["Babel (>=2.7)"]

[[package]]
name = "markupsafe"
version = "2.1.1"
description = "Safely add untrusted strings to HTML/XML markup."
optional = false
python-versions = ">=3.7"
files = [
    {file = "MarkupSafe-2.1.1-cp310-cp310-macosx_10_9_universal2.whl", hash = "sha256:86b1f75c4e7c2ac2ccdaec2b9022845dbb81880ca318bb7a0a01fbf7813e3812"},
    {file = "MarkupSafe-2.1.1-cp310-cp310-macosx_10_9_x86_64.whl", hash = "sha256:f121a1420d4e173a5d96e47e9a0c0dcff965afdf1626d28de1460815f7c4ee7a"},
    {file = "MarkupSafe-2.1.1-cp310-cp310-manylinux_2_17_aarch64.manylinux2014_aarch64.whl", hash = "sha256:a49907dd8420c5685cfa064a1335b6754b74541bbb3706c259c02ed65b644b3e"},
    {file = "MarkupSafe-2.1.1-cp310-cp310-manylinux_2_17_x86_64.manylinux2014_x86_64.whl", hash = "sha256:10c1bfff05d95783da83491be968e8fe789263689c02724e0c691933c52994f5"},
    {file = "MarkupSafe-2.1.1-cp310-cp310-manylinux_2_5_i686.manylinux1_i686.manylinux_2_17_i686.manylinux2014_i686.whl", hash = "sha256:b7bd98b796e2b6553da7225aeb61f447f80a1ca64f41d83612e6139ca5213aa4"},
    {file = "MarkupSafe-2.1.1-cp310-cp310-musllinux_1_1_aarch64.whl", hash = "sha256:b09bf97215625a311f669476f44b8b318b075847b49316d3e28c08e41a7a573f"},
    {file = "MarkupSafe-2.1.1-cp310-cp310-musllinux_1_1_i686.whl", hash = "sha256:694deca8d702d5db21ec83983ce0bb4b26a578e71fbdbd4fdcd387daa90e4d5e"},
    {file = "MarkupSafe-2.1.1-cp310-cp310-musllinux_1_1_x86_64.whl", hash = "sha256:efc1913fd2ca4f334418481c7e595c00aad186563bbc1ec76067848c7ca0a933"},
    {file = "MarkupSafe-2.1.1-cp310-cp310-win32.whl", hash = "sha256:4a33dea2b688b3190ee12bd7cfa29d39c9ed176bda40bfa11099a3ce5d3a7ac6"},
    {file = "MarkupSafe-2.1.1-cp310-cp310-win_amd64.whl", hash = "sha256:dda30ba7e87fbbb7eab1ec9f58678558fd9a6b8b853530e176eabd064da81417"},
    {file = "MarkupSafe-2.1.1-cp37-cp37m-macosx_10_9_x86_64.whl", hash = "sha256:671cd1187ed5e62818414afe79ed29da836dde67166a9fac6d435873c44fdd02"},
    {file = "MarkupSafe-2.1.1-cp37-cp37m-manylinux_2_17_aarch64.manylinux2014_aarch64.whl", hash = "sha256:3799351e2336dc91ea70b034983ee71cf2f9533cdff7c14c90ea126bfd95d65a"},
    {file = "MarkupSafe-2.1.1-cp37-cp37m-manylinux_2_17_x86_64.manylinux2014_x86_64.whl", hash = "sha256:e72591e9ecd94d7feb70c1cbd7be7b3ebea3f548870aa91e2732960fa4d57a37"},
    {file = "MarkupSafe-2.1.1-cp37-cp37m-manylinux_2_5_i686.manylinux1_i686.manylinux_2_17_i686.manylinux2014_i686.whl", hash = "sha256:6fbf47b5d3728c6aea2abb0589b5d30459e369baa772e0f37a0320185e87c980"},
    {file = "MarkupSafe-2.1.1-cp37-cp37m-musllinux_1_1_aarch64.whl", hash = "sha256:d5ee4f386140395a2c818d149221149c54849dfcfcb9f1debfe07a8b8bd63f9a"},
    {file = "MarkupSafe-2.1.1-cp37-cp37m-musllinux_1_1_i686.whl", hash = "sha256:bcb3ed405ed3222f9904899563d6fc492ff75cce56cba05e32eff40e6acbeaa3"},
    {file = "MarkupSafe-2.1.1-cp37-cp37m-musllinux_1_1_x86_64.whl", hash = "sha256:e1c0b87e09fa55a220f058d1d49d3fb8df88fbfab58558f1198e08c1e1de842a"},
    {file = "MarkupSafe-2.1.1-cp37-cp37m-win32.whl", hash = "sha256:8dc1c72a69aa7e082593c4a203dcf94ddb74bb5c8a731e4e1eb68d031e8498ff"},
    {file = "MarkupSafe-2.1.1-cp37-cp37m-win_amd64.whl", hash = "sha256:97a68e6ada378df82bc9f16b800ab77cbf4b2fada0081794318520138c088e4a"},
    {file = "MarkupSafe-2.1.1-cp38-cp38-macosx_10_9_universal2.whl", hash = "sha256:e8c843bbcda3a2f1e3c2ab25913c80a3c5376cd00c6e8c4a86a89a28c8dc5452"},
    {file = "MarkupSafe-2.1.1-cp38-cp38-macosx_10_9_x86_64.whl", hash = "sha256:0212a68688482dc52b2d45013df70d169f542b7394fc744c02a57374a4207003"},
    {file = "MarkupSafe-2.1.1-cp38-cp38-manylinux_2_17_aarch64.manylinux2014_aarch64.whl", hash = "sha256:8e576a51ad59e4bfaac456023a78f6b5e6e7651dcd383bcc3e18d06f9b55d6d1"},
    {file = "MarkupSafe-2.1.1-cp38-cp38-manylinux_2_17_x86_64.manylinux2014_x86_64.whl", hash = "sha256:4b9fe39a2ccc108a4accc2676e77da025ce383c108593d65cc909add5c3bd601"},
    {file = "MarkupSafe-2.1.1-cp38-cp38-manylinux_2_5_i686.manylinux1_i686.manylinux_2_17_i686.manylinux2014_i686.whl", hash = "sha256:96e37a3dc86e80bf81758c152fe66dbf60ed5eca3d26305edf01892257049925"},
    {file = "MarkupSafe-2.1.1-cp38-cp38-musllinux_1_1_aarch64.whl", hash = "sha256:6d0072fea50feec76a4c418096652f2c3238eaa014b2f94aeb1d56a66b41403f"},
    {file = "MarkupSafe-2.1.1-cp38-cp38-musllinux_1_1_i686.whl", hash = "sha256:089cf3dbf0cd6c100f02945abeb18484bd1ee57a079aefd52cffd17fba910b88"},
    {file = "MarkupSafe-2.1.1-cp38-cp38-musllinux_1_1_x86_64.whl", hash = "sha256:6a074d34ee7a5ce3effbc526b7083ec9731bb3cbf921bbe1d3005d4d2bdb3a63"},
    {file = "MarkupSafe-2.1.1-cp38-cp38-win32.whl", hash = "sha256:421be9fbf0ffe9ffd7a378aafebbf6f4602d564d34be190fc19a193232fd12b1"},
    {file = "MarkupSafe-2.1.1-cp38-cp38-win_amd64.whl", hash = "sha256:fc7b548b17d238737688817ab67deebb30e8073c95749d55538ed473130ec0c7"},
    {file = "MarkupSafe-2.1.1-cp39-cp39-macosx_10_9_universal2.whl", hash = "sha256:e04e26803c9c3851c931eac40c695602c6295b8d432cbe78609649ad9bd2da8a"},
    {file = "MarkupSafe-2.1.1-cp39-cp39-macosx_10_9_x86_64.whl", hash = "sha256:b87db4360013327109564f0e591bd2a3b318547bcef31b468a92ee504d07ae4f"},
    {file = "MarkupSafe-2.1.1-cp39-cp39-manylinux_2_17_aarch64.manylinux2014_aarch64.whl", hash = "sha256:99a2a507ed3ac881b975a2976d59f38c19386d128e7a9a18b7df6fff1fd4c1d6"},
    {file = "MarkupSafe-2.1.1-cp39-cp39-manylinux_2_17_x86_64.manylinux2014_x86_64.whl", hash = "sha256:56442863ed2b06d19c37f94d999035e15ee982988920e12a5b4ba29b62ad1f77"},
    {file = "MarkupSafe-2.1.1-cp39-cp39-manylinux_2_5_i686.manylinux1_i686.manylinux_2_17_i686.manylinux2014_i686.whl", hash = "sha256:3ce11ee3f23f79dbd06fb3d63e2f6af7b12db1d46932fe7bd8afa259a5996603"},
    {file = "MarkupSafe-2.1.1-cp39-cp39-musllinux_1_1_aarch64.whl", hash = "sha256:33b74d289bd2f5e527beadcaa3f401e0df0a89927c1559c8566c066fa4248ab7"},
    {file = "MarkupSafe-2.1.1-cp39-cp39-musllinux_1_1_i686.whl", hash = "sha256:43093fb83d8343aac0b1baa75516da6092f58f41200907ef92448ecab8825135"},
    {file = "MarkupSafe-2.1.1-cp39-cp39-musllinux_1_1_x86_64.whl", hash = "sha256:8e3dcf21f367459434c18e71b2a9532d96547aef8a871872a5bd69a715c15f96"},
    {file = "MarkupSafe-2.1.1-cp39-cp39-win32.whl", hash = "sha256:d4306c36ca495956b6d568d276ac11fdd9c30a36f1b6eb928070dc5360b22e1c"},
    {file = "MarkupSafe-2.1.1-cp39-cp39-win_amd64.whl", hash = "sha256:46d00d6cfecdde84d40e572d63735ef81423ad31184100411e6e3388d405e247"},
    {file = "MarkupSafe-2.1.1.tar.gz", hash = "sha256:7f91197cc9e48f989d12e4e6fbc46495c446636dfc81b9ccf50bb0ec74b91d4b"},
]

[[package]]
name = "orjson"
version = "3.9.7"
description = "Fast, correct Python JSON library supporting dataclasses, datetimes, and numpy"
optional = false
python-versions = ">=3.7"
files = [
    {file = "orjson-3.9.7-cp310-cp310-macosx_10_15_x86_64.macosx_11_0_arm64.macosx_10_15_universal2.whl", hash = "sha256:b6df858e37c321cefbf27fe7ece30a950bcc3a75618a804a0dcef7ed9dd9c92d"},
    {file = "orjson-3.9.7-cp310-cp310-manylinux_2_17_aarch64.manylinux2014_aarch64.whl", hash = "sha256:5198633137780d78b86bb54dafaaa9baea698b4f059456cd4554ab7009619221"},
    {file = "orjson-3.9.7-cp310-cp310-manylinux_2_17_armv7l.manylinux2014_armv7l.whl", hash = "sha256:5e736815b30f7e3c9044ec06a98ee59e217a833227e10eb157f44071faddd7c5"},
    {file = "orjson-3.9.7-cp310-cp310-manylinux_2_17_ppc64le.manylinux2014_ppc64le.whl", hash = "sha256:a19e4074bc98793458b4b3ba35a9a1d132179345e60e152a1bb48c538ab863c4"},
    {file = "orjson-3.9.7-cp310-cp310-manylinux_2_17_s390x.manylinux2014_s390x.whl", hash = "sha256:80acafe396ab689a326ab0d80f8cc61dec0dd2c5dca5b4b3825e7b1e0132c101"},
    {file = "orjson-3.9.7-cp310-cp310-manylinux_2_17_x86_64.manylinux2014_x86_64.whl", hash = "sha256:355efdbbf0cecc3bd9b12589b8f8e9f03c813a115efa53f8dc2a523bfdb01334"},
    {file = "orjson-3.9.7-cp310-cp310-musllinux_1_1_aarch64.whl", hash = "sha256:3aab72d2cef7f1dd6104c89b0b4d6b416b0db5ca87cc2fac5f79c5601f549cc2"},
    {file = "orjson-3.9.7-cp310-cp310-musllinux_1_1_x86_64.whl", hash = "sha256:36b1df2e4095368ee388190687cb1b8557c67bc38400a942a1a77713580b50ae"},
    {file = "orjson-3.9.7-cp310-none-win32.whl", hash = "sha256:e94b7b31aa0d65f5b7c72dd8f8227dbd3e30354b99e7a9af096d967a77f2a580"},
    {file = "orjson-3.9.7-cp310-none-win_amd64.whl", hash = "sha256:82720ab0cf5bb436bbd97a319ac529aee06077ff7e61cab57cee04a596c4f9b4"},
    {file = "orjson-3.9.7-cp311-cp311-macosx_10_15_x86_64.macosx_11_0_arm64.macosx_10_15_universal2.whl", hash = "sha256:1f8b47650f90e298b78ecf4df003f66f54acdba6a0f763cc4df1eab048fe3738"},
    {file = "orjson-3.9.7-cp311-cp311-manylinux_2_17_aarch64.manylinux2014_aarch64.whl", hash = "sha256:f738fee63eb263530efd4d2e9c76316c1f47b3bbf38c1bf45ae9625feed0395e"},
    {file = "orjson-3.9.7-cp311-cp311-manylinux_2_17_armv7l.manylinux2014_armv7l.whl", hash = "sha256:38e34c3a21ed41a7dbd5349e24c3725be5416641fdeedf8f56fcbab6d981c900"},
    {file = "orjson-3.9.7-cp311-cp311-manylinux_2_17_ppc64le.manylinux2014_ppc64le.whl", hash = "sha256:21a3344163be3b2c7e22cef14fa5abe957a892b2ea0525ee86ad8186921b6cf0"},
    {file = "orjson-3.9.7-cp311-cp311-manylinux_2_17_s390x.manylinux2014_s390x.whl", hash = "sha256:23be6b22aab83f440b62a6f5975bcabeecb672bc627face6a83bc7aeb495dc7e"},
    {file = "orjson-3.9.7-cp311-cp311-manylinux_2_17_x86_64.manylinux2014_x86_64.whl", hash = "sha256:e5205ec0dfab1887dd383597012199f5175035e782cdb013c542187d280ca443"},
    {file = "orjson-3.9.7-cp311-cp311-musllinux_1_1_aarch64.whl", hash = "sha256:8769806ea0b45d7bf75cad253fba9ac6700b7050ebb19337ff6b4e9060f963fa"},
    {file = "orjson-3.9.7-cp311-cp311-musllinux_1_1_x86_64.whl", hash = "sha256:f9e01239abea2f52a429fe9d95c96df95f078f0172489d691b4a848ace54a476"},
    {file = "orjson-3.9.7-cp311-none-win32.whl", hash = "sha256:8bdb6c911dae5fbf110fe4f5cba578437526334df381b3554b6ab7f626e5eeca"},
    {file = "orjson-3.9.7-cp311-none-win_amd64.whl", hash = "sha256:9d62c583b5110e6a5cf5169ab616aa4ec71f2c0c30f833306f9e378cf51b6c86"},
    {file = "orjson-3.9.7-cp312-cp312-macosx_10_15_x86_64.macosx_11_0_arm64.macosx_10_15_universal2.whl", hash = "sha256:1c3cee5c23979deb8d1b82dc4cc49be59cccc0547999dbe9adb434bb7af11cf7"},
    {file = "orjson-3.9.7-cp312-cp312-manylinux_2_17_aarch64.manylinux2014_aarch64.whl", hash = "sha256:a347d7b43cb609e780ff8d7b3107d4bcb5b6fd09c2702aa7bdf52f15ed09fa09"},
    {file = "orjson-3.9.7-cp312-cp312-manylinux_2_17_armv7l.manylinux2014_armv7l.whl", hash = "sha256:154fd67216c2ca38a2edb4089584504fbb6c0694b518b9020ad35ecc97252bb9"},
    {file = "orjson-3.9.7-cp312-cp312-manylinux_2_17_ppc64le.manylinux2014_ppc64le.whl", hash = "sha256:7ea3e63e61b4b0beeb08508458bdff2daca7a321468d3c4b320a758a2f554d31"},
    {file = "orjson-3.9.7-cp312-cp312-manylinux_2_17_s390x.manylinux2014_s390x.whl", hash = "sha256:1eb0b0b2476f357eb2975ff040ef23978137aa674cd86204cfd15d2d17318588"},
    {file = "orjson-3.9.7-cp312-cp312-manylinux_2_17_x86_64.manylinux2014_x86_64.whl", hash = "sha256:70b9a20a03576c6b7022926f614ac5a6b0914486825eac89196adf3267c6489d"},
    {file = "orjson-3.9.7-cp312-cp312-musllinux_1_1_aarch64.whl", hash = "sha256:915e22c93e7b7b636240c5a79da5f6e4e84988d699656c8e27f2ac4c95b8dcc0"},
    {file = "orjson-3.9.7-cp312-cp312-musllinux_1_1_x86_64.whl", hash = "sha256:f26fb3e8e3e2ee405c947ff44a3e384e8fa1843bc35830fe6f3d9a95a1147b6e"},
    {file = "orjson-3.9.7-cp312-none-win_amd64.whl", hash = "sha256:d8692948cada6ee21f33db5e23460f71c8010d6dfcfe293c9b96737600a7df78"},
    {file = "orjson-3.9.7-cp37-cp37m-macosx_10_15_x86_64.macosx_11_0_arm64.macosx_10_15_universal2.whl", hash = "sha256:7bab596678d29ad969a524823c4e828929a90c09e91cc438e0ad79b37ce41166"},
    {file = "orjson-3.9.7-cp37-cp37m-manylinux_2_17_aarch64.manylinux2014_aarch64.whl", hash = "sha256:63ef3d371ea0b7239ace284cab9cd00d9c92b73119a7c274b437adb09bda35e6"},
    {file = "orjson-3.9.7-cp37-cp37m-manylinux_2_17_armv7l.manylinux2014_armv7l.whl", hash = "sha256:2f8fcf696bbbc584c0c7ed4adb92fd2ad7d153a50258842787bc1524e50d7081"},
    {file = "orjson-3.9.7-cp37-cp37m-manylinux_2_17_ppc64le.manylinux2014_ppc64le.whl", hash = "sha256:90fe73a1f0321265126cbba13677dcceb367d926c7a65807bd80916af4c17047"},
    {file = "orjson-3.9.7-cp37-cp37m-manylinux_2_17_s390x.manylinux2014_s390x.whl", hash = "sha256:45a47f41b6c3beeb31ac5cf0ff7524987cfcce0a10c43156eb3ee8d92d92bf22"},
    {file = "orjson-3.9.7-cp37-cp37m-manylinux_2_17_x86_64.manylinux2014_x86_64.whl", hash = "sha256:5a2937f528c84e64be20cb80e70cea76a6dfb74b628a04dab130679d4454395c"},
    {file = "orjson-3.9.7-cp37-cp37m-musllinux_1_1_aarch64.whl", hash = "sha256:b4fb306c96e04c5863d52ba8d65137917a3d999059c11e659eba7b75a69167bd"},
    {file = "orjson-3.9.7-cp37-cp37m-musllinux_1_1_x86_64.whl", hash = "sha256:410aa9d34ad1089898f3db461b7b744d0efcf9252a9415bbdf23540d4f67589f"},
    {file = "orjson-3.9.7-cp37-none-win32.whl", hash = "sha256:26ffb398de58247ff7bde895fe30817a036f967b0ad0e1cf2b54bda5f8dcfdd9"},
    {file = "orjson-3.9.7-cp37-none-win_amd64.whl", hash = "sha256:bcb9a60ed2101af2af450318cd89c6b8313e9f8df4e8fb12b657b2e97227cf08"},
    {file = "orjson-3.9.7-cp38-cp38-macosx_10_15_x86_64.macosx_11_0_arm64.macosx_10_15_universal2.whl", hash = "sha256:5da9032dac184b2ae2da4bce423edff7db34bfd936ebd7d4207ea45840f03905"},
    {file = "orjson-3.9.7-cp38-cp38-manylinux_2_17_aarch64.manylinux2014_aarch64.whl", hash = "sha256:7951af8f2998045c656ba8062e8edf5e83fd82b912534ab1de1345de08a41d2b"},
    {file = "orjson-3.9.7-cp38-cp38-manylinux_2_17_armv7l.manylinux2014_armv7l.whl", hash = "sha256:b8e59650292aa3a8ea78073fc84184538783966528e442a1b9ed653aa282edcf"},
    {file = "orjson-3.9.7-cp38-cp38-manylinux_2_17_ppc64le.manylinux2014_ppc64le.whl", hash = "sha256:9274ba499e7dfb8a651ee876d80386b481336d3868cba29af839370514e4dce0"},
    {file = "orjson-3.9.7-cp38-cp38-manylinux_2_17_s390x.manylinux2014_s390x.whl", hash = "sha256:ca1706e8b8b565e934c142db6a9592e6401dc430e4b067a97781a997070c5378"},
    {file = "orjson-3.9.7-cp38-cp38-manylinux_2_17_x86_64.manylinux2014_x86_64.whl", hash = "sha256:83cc275cf6dcb1a248e1876cdefd3f9b5f01063854acdfd687ec360cd3c9712a"},
    {file = "orjson-3.9.7-cp38-cp38-musllinux_1_1_aarch64.whl", hash = "sha256:11c10f31f2c2056585f89d8229a56013bc2fe5de51e095ebc71868d070a8dd81"},
    {file = "orjson-3.9.7-cp38-cp38-musllinux_1_1_x86_64.whl", hash = "sha256:cf334ce1d2fadd1bf3e5e9bf15e58e0c42b26eb6590875ce65bd877d917a58aa"},
    {file = "orjson-3.9.7-cp38-none-win32.whl", hash = "sha256:76a0fc023910d8a8ab64daed8d31d608446d2d77c6474b616b34537aa7b79c7f"},
    {file = "orjson-3.9.7-cp38-none-win_amd64.whl", hash = "sha256:7a34a199d89d82d1897fd4a47820eb50947eec9cda5fd73f4578ff692a912f89"},
    {file = "orjson-3.9.7-cp39-cp39-macosx_10_15_x86_64.macosx_11_0_arm64.macosx_10_15_universal2.whl", hash = "sha256:e7e7f44e091b93eb39db88bb0cb765db09b7a7f64aea2f35e7d86cbf47046c65"},
    {file = "orjson-3.9.7-cp39-cp39-manylinux_2_17_aarch64.manylinux2014_aarch64.whl", hash = "sha256:01d647b2a9c45a23a84c3e70e19d120011cba5f56131d185c1b78685457320bb"},
    {file = "orjson-3.9.7-cp39-cp39-manylinux_2_17_armv7l.manylinux2014_armv7l.whl", hash = "sha256:0eb850a87e900a9c484150c414e21af53a6125a13f6e378cf4cc11ae86c8f9c5"},
    {file = "orjson-3.9.7-cp39-cp39-manylinux_2_17_ppc64le.manylinux2014_ppc64le.whl", hash = "sha256:8f4b0042d8388ac85b8330b65406c84c3229420a05068445c13ca28cc222f1f7"},
    {file = "orjson-3.9.7-cp39-cp39-manylinux_2_17_s390x.manylinux2014_s390x.whl", hash = "sha256:cd3e7aae977c723cc1dbb82f97babdb5e5fbce109630fbabb2ea5053523c89d3"},
    {file = "orjson-3.9.7-cp39-cp39-manylinux_2_17_x86_64.manylinux2014_x86_64.whl", hash = "sha256:4c616b796358a70b1f675a24628e4823b67d9e376df2703e893da58247458956"},
    {file = "orjson-3.9.7-cp39-cp39-musllinux_1_1_aarch64.whl", hash = "sha256:c3ba725cf5cf87d2d2d988d39c6a2a8b6fc983d78ff71bc728b0be54c869c884"},
    {file = "orjson-3.9.7-cp39-cp39-musllinux_1_1_x86_64.whl", hash = "sha256:4891d4c934f88b6c29b56395dfc7014ebf7e10b9e22ffd9877784e16c6b2064f"},
    {file = "orjson-3.9.7-cp39-none-win32.whl", hash = "sha256:14d3fb6cd1040a4a4a530b28e8085131ed94ebc90d72793c59a713de34b60838"},
    {file = "orjson-3.9.7-cp39-none-win_amd64.whl", hash = "sha256:9ef82157bbcecd75d6296d5d8b2d792242afcd064eb1ac573f8847b52e58f677"},
    {file = "orjson-3.9.7.tar.gz", hash = "sha256:85e39198f78e2f7e054d296395f6c96f5e02892337746ef5b6a1bf3ed5910142"},
]

[[package]]
name = "pygments"
version = "2.15.0"
description = "Pygments is a syntax highlighting package written in Python."
optional = false
python-versions = ">=3.7"
files = [
    {file = "Pygments-2.15.0-py3-none-any.whl", hash = "sha256:77a3299119af881904cd5ecd1ac6a66214b6e9bed1f2db16993b54adede64094"},
    {file = "Pygments-2.15.0.tar.gz", hash = "sha256:f7e36cffc4c517fbc252861b9a6e4644ca0e5abadf9a113c72d1358ad09b9500"},
]

[package.extras]
plugins = ["importlib-metadata"]

[[package]]
name = "pynvml"
version = "11.4.1"
description = "Python Bindings for the NVIDIA Management Library"
optional = false
python-versions = ">=3.6"
files = [
    {file = "pynvml-11.4.1-py3-none-any.whl", hash = "sha256:d27be542cd9d06558de18e2deffc8022ccd7355bc7382255d477038e7e424c6c"},
    {file = "pynvml-11.4.1.tar.gz", hash = "sha256:b2e4a33b80569d093b513f5804db0c7f40cfc86f15a013ae7a8e99c5e175d5dd"},
]

[[package]]
name = "python-rapidjson"
version = "1.9"
description = "Python wrapper around rapidjson"
optional = false
python-versions = ">=3.6"
files = [
    {file = "python-rapidjson-1.9.tar.gz", hash = "sha256:be7d351c7112dac608133a23f60e95395668d0981a07f4037f63e0e88afcf01a"},
    {file = "python_rapidjson-1.9-cp310-cp310-macosx_10_9_x86_64.whl", hash = "sha256:a01e42b35987e27d97f1f722de5221cfdf621d0d8aa530cd00ffa8acecdba0b9"},
    {file = "python_rapidjson-1.9-cp310-cp310-manylinux_2_17_aarch64.manylinux2014_aarch64.whl", hash = "sha256:41388e80cb0300dc33d3f1f06e5c2719aa9ef60b30fbee8a8bb6b35b203eda18"},
    {file = "python_rapidjson-1.9-cp310-cp310-manylinux_2_17_x86_64.manylinux2014_x86_64.whl", hash = "sha256:875d468d2a965d92d479ef2d6df7dc5ee289ae1275008580631656c65e612be5"},
    {file = "python_rapidjson-1.9-cp310-cp310-manylinux_2_5_i686.manylinux1_i686.manylinux_2_17_i686.manylinux2014_i686.whl", hash = "sha256:c229cd186316ecf5474d25e8bfdc83c97256454403ac5e9656d38bd26f1cf910"},
    {file = "python_rapidjson-1.9-cp310-cp310-musllinux_1_1_aarch64.whl", hash = "sha256:ff1f2d24689352e24cc753c2f0a4dd06478304b41acb7bfea482b37a285f21de"},
    {file = "python_rapidjson-1.9-cp310-cp310-musllinux_1_1_i686.whl", hash = "sha256:eec5e7f5667484a0f837c829355b24978c4311b053a699f4e3fef05c3c3410b5"},
    {file = "python_rapidjson-1.9-cp310-cp310-musllinux_1_1_x86_64.whl", hash = "sha256:4ffb853b2f4e7ffc8e6201e369926200fa36ae10db780d2b7431885ba75e9f58"},
    {file = "python_rapidjson-1.9-cp310-cp310-win32.whl", hash = "sha256:e5cc8dde6ea51e75669330bbb7f2677b12c9f46ce106f52fa0c9b58b8a272a36"},
    {file = "python_rapidjson-1.9-cp310-cp310-win_amd64.whl", hash = "sha256:708de2b1ec6971e018348920ea1cd75b85452bf31dbf0f73743d75f67700c820"},
    {file = "python_rapidjson-1.9-cp311-cp311-macosx_10_9_x86_64.whl", hash = "sha256:5a51b4a4b226bd8ce45710e0af4b55be7371b00d917702599d2583672cbbb78b"},
    {file = "python_rapidjson-1.9-cp311-cp311-manylinux_2_17_aarch64.manylinux2014_aarch64.whl", hash = "sha256:118acc14c7b40c30e69d3e87d9f3ec96b518251ead5e522cd23905b4b1163838"},
    {file = "python_rapidjson-1.9-cp311-cp311-manylinux_2_17_x86_64.manylinux2014_x86_64.whl", hash = "sha256:a8bccf158e78a299d95bcebba17a50640aabd96a737a6c51054dcacfc90fc8af"},
    {file = "python_rapidjson-1.9-cp311-cp311-manylinux_2_5_i686.manylinux1_i686.manylinux_2_17_i686.manylinux2014_i686.whl", hash = "sha256:fdf1b88c8372db7d470d56a0ef1c53aac581ef51f4e4bed8651adb991e0bd441"},
    {file = "python_rapidjson-1.9-cp311-cp311-musllinux_1_1_aarch64.whl", hash = "sha256:a854dddc7e3014ac5e4fea7ae48547f4c06298ec6ca97fe25c209233067dec21"},
    {file = "python_rapidjson-1.9-cp311-cp311-musllinux_1_1_i686.whl", hash = "sha256:f89af19b413012daa7a2d0361020c0a5d6d14ae2960923c8f1a921677d570e08"},
    {file = "python_rapidjson-1.9-cp311-cp311-musllinux_1_1_x86_64.whl", hash = "sha256:11d9851dcb3e4351da3bc497b4e2896db183ffa501482d5241fd472cbf947348"},
    {file = "python_rapidjson-1.9-cp311-cp311-win32.whl", hash = "sha256:10b177a5980a7d9753dc123ae40f149b31b21c834d4e55883d4ad570963483fe"},
    {file = "python_rapidjson-1.9-cp311-cp311-win_amd64.whl", hash = "sha256:2eadfc7df1b747f691b79b3d7523d3934945660faaf3ac367d49fafef834a29e"},
    {file = "python_rapidjson-1.9-cp37-cp37m-macosx_10_9_x86_64.whl", hash = "sha256:27a80f84bc7b748b9b87d89d99d05e856eafbc7f4da1376375a24fa07cbcc76b"},
    {file = "python_rapidjson-1.9-cp37-cp37m-manylinux_2_17_aarch64.manylinux2014_aarch64.whl", hash = "sha256:68bdc0d3352dc7dc2aff62c5ea73277a501fbf4873457dfddd5835440df23d1d"},
    {file = "python_rapidjson-1.9-cp37-cp37m-manylinux_2_17_x86_64.manylinux2014_x86_64.whl", hash = "sha256:83454b2afb89b38104c8ea6a63a758f6cf2109ba3905de98d5fd488eff97a35d"},
    {file = "python_rapidjson-1.9-cp37-cp37m-manylinux_2_5_i686.manylinux1_i686.manylinux_2_17_i686.manylinux2014_i686.whl", hash = "sha256:fb487d65594f14bf9541415337c9a390695c61b1dc1535380e9955fdacafd858"},
    {file = "python_rapidjson-1.9-cp37-cp37m-musllinux_1_1_aarch64.whl", hash = "sha256:c25dcc70b8d3a6cf615ce47cb18b52d0540363c8efd7c77c60368a779add9983"},
    {file = "python_rapidjson-1.9-cp37-cp37m-musllinux_1_1_i686.whl", hash = "sha256:559e9d67bb719a446f6322fcd7260793370dacb6212682e863a06eeef545a5b1"},
    {file = "python_rapidjson-1.9-cp37-cp37m-musllinux_1_1_x86_64.whl", hash = "sha256:d376e3c2034f8749baf2250ca2f76222217845b3c6d054b24729b8facae29ed7"},
    {file = "python_rapidjson-1.9-cp37-cp37m-win32.whl", hash = "sha256:10da4f444b05b356fbb11622305c09b1f409194d31f15ba8c519682f49a3e646"},
    {file = "python_rapidjson-1.9-cp37-cp37m-win_amd64.whl", hash = "sha256:f48364cad2c1cf1cb4ac5f304c073928cf8344cb60b5be312206f4888786d81e"},
    {file = "python_rapidjson-1.9-cp38-cp38-macosx_10_9_x86_64.whl", hash = "sha256:aa5fe5f8a715170e6329fd67e4b5c79c9c3fa3a6a5d16304709493125d3fac55"},
    {file = "python_rapidjson-1.9-cp38-cp38-manylinux_2_17_aarch64.manylinux2014_aarch64.whl", hash = "sha256:ba786f0a575c75f3fd3eff4d35e0159cea1e8384dba0f3b560da2f9e952affce"},
    {file = "python_rapidjson-1.9-cp38-cp38-manylinux_2_17_x86_64.manylinux2014_x86_64.whl", hash = "sha256:8552b363238e4762616149238d719d247936767c6c959a36492cf5e049b4d070"},
    {file = "python_rapidjson-1.9-cp38-cp38-manylinux_2_5_i686.manylinux1_i686.manylinux_2_17_i686.manylinux2014_i686.whl", hash = "sha256:eb9c69eafd04840e369f9a21918fccfe2a59dc2e533af102e1098b3cb7604d8a"},
    {file = "python_rapidjson-1.9-cp38-cp38-musllinux_1_1_aarch64.whl", hash = "sha256:2e4adc00ffde5f59795fac2eab280805d100fdb334c512399928b5a44689aefb"},
    {file = "python_rapidjson-1.9-cp38-cp38-musllinux_1_1_i686.whl", hash = "sha256:54bafd1d5d5acec17297d6c5cb5de884e4f6b5d154e1d984cf06fd5e86f1d323"},
    {file = "python_rapidjson-1.9-cp38-cp38-musllinux_1_1_x86_64.whl", hash = "sha256:4c7a4e54772073f2a18c89a3aeaf168f1feeecbbe26c4d7395814a5eb7297630"},
    {file = "python_rapidjson-1.9-cp38-cp38-win32.whl", hash = "sha256:05c33a6b582026140fc508de1ad6f9f7a90edd97844c348a0b6d01c55c655bbf"},
    {file = "python_rapidjson-1.9-cp38-cp38-win_amd64.whl", hash = "sha256:72706275a1d58eaa59e75ba064ba4048b95e51440fec1b8402076bb042190a41"},
    {file = "python_rapidjson-1.9-cp39-cp39-macosx_10_9_x86_64.whl", hash = "sha256:31d245ca102c6498dad9ad85f9a96bdfac790b174505dc77ee664cab0c92859e"},
    {file = "python_rapidjson-1.9-cp39-cp39-manylinux_2_17_aarch64.manylinux2014_aarch64.whl", hash = "sha256:dd86188afbc0fafcf3e234990a9a535eaac311b5aeb925426cbb4f86f19c6e10"},
    {file = "python_rapidjson-1.9-cp39-cp39-manylinux_2_17_x86_64.manylinux2014_x86_64.whl", hash = "sha256:c4b941d9548b0af83586a88db2b532574c687feb4fbb84daafd324fa3c822350"},
    {file = "python_rapidjson-1.9-cp39-cp39-manylinux_2_5_i686.manylinux1_i686.manylinux_2_17_i686.manylinux2014_i686.whl", hash = "sha256:3cdf9b07197b2bf1c5b0c33d66d872d5b7ec3e1600d897dd1f3f1ce37018103d"},
    {file = "python_rapidjson-1.9-cp39-cp39-musllinux_1_1_aarch64.whl", hash = "sha256:661537c1fbee359b048154f4fce794bd8cc6ed4d97c68fed439ab8727f74691e"},
    {file = "python_rapidjson-1.9-cp39-cp39-musllinux_1_1_i686.whl", hash = "sha256:ec920c316e032f366f244baa6e6354da562deb31bc33167682f77111987e7c77"},
    {file = "python_rapidjson-1.9-cp39-cp39-musllinux_1_1_x86_64.whl", hash = "sha256:7abbff592461e9899a71e00eeeeea09473ee4dad4cd4ec1565b3a74ee96849af"},
    {file = "python_rapidjson-1.9-cp39-cp39-win32.whl", hash = "sha256:496e33bd1fb8bd37532d603879dfe9797c4a0809d45dfef6b46b34e741d06789"},
    {file = "python_rapidjson-1.9-cp39-cp39-win_amd64.whl", hash = "sha256:22f988f6334ad540fc04b3e9fea347ae62888e7c216b1e8b3205cfa4835aebe6"},
]

[[package]]
name = "rich"
version = "12.6.0"
description = "Render rich text, tables, progress bars, syntax highlighting, markdown and more to the terminal"
optional = false
python-versions = ">=3.6.3,<4.0.0"
files = [
    {file = "rich-12.6.0-py3-none-any.whl", hash = "sha256:a4eb26484f2c82589bd9a17c73d32a010b1e29d89f1604cd9bf3a2097b81bb5e"},
    {file = "rich-12.6.0.tar.gz", hash = "sha256:ba3a3775974105c221d31141f2c116f4fd65c5ceb0698657a11e9f295ec93fd0"},
]

[package.dependencies]
commonmark = ">=0.9.0,<0.10.0"
pygments = ">=2.6.0,<3.0.0"

[package.extras]
jupyter = ["ipywidgets (>=7.5.1,<8.0.0)"]

[[package]]
name = "scalene"
version = "1.5.16"
description = "Scalene: A high-resolution, low-overhead CPU, GPU, and memory profiler for Python"
optional = false
python-versions = ">=3.8"
files = [
    {file = "scalene-1.5.16-cp310-cp310-macosx_10_15_universal2.whl", hash = "sha256:89df6f28dce1170e6875ebae5424dc928edb281a9d1f080e60ed67932d5fc099"},
    {file = "scalene-1.5.16-cp310-cp310-manylinux_2_24_x86_64.whl", hash = "sha256:cf64e179c2d24639f158d89f978d5d7bedc524f423683fd5d915c3b1274b3a74"},
    {file = "scalene-1.5.16-cp310-cp310-win_amd64.whl", hash = "sha256:04c89dc567735454cf6d415287c19d9458a0ac7204f8af75670fa8d03a5a61a1"},
    {file = "scalene-1.5.16-cp311-cp311-macosx_10_9_universal2.whl", hash = "sha256:f1adb93a00b1ecdef4e1bfcfedf5453b74b5f7ece1637cb6180321e8b4132486"},
    {file = "scalene-1.5.16-cp311-cp311-manylinux_2_24_x86_64.whl", hash = "sha256:bab76332f3d2c93336570b40cd6a414ee6bc5027a67ea6e6fea88533d884d377"},
    {file = "scalene-1.5.16-cp311-cp311-win_amd64.whl", hash = "sha256:c8d611620278df7b6793f40ee41aadc83e72347ca048e1caed76d3446a1c31ff"},
    {file = "scalene-1.5.16-cp37-cp37m-macosx_10_15_universal2.whl", hash = "sha256:9d8ae9ed42af29324b09bcf4769668ec3de1da1a0e07bdd4dbe590f8667bc24a"},
    {file = "scalene-1.5.16-cp37-cp37m-manylinux_2_24_x86_64.whl", hash = "sha256:6cd734c96074536e646cc020920dfb5e3075a0b6610f09ab44dd8e381c2176ee"},
    {file = "scalene-1.5.16-cp38-cp38-macosx_10_15_universal2.whl", hash = "sha256:4c6940fc281a479449f126fc0e7003ad1fd903cc5009a93ca69041a0170d397f"},
    {file = "scalene-1.5.16-cp38-cp38-manylinux_2_24_x86_64.whl", hash = "sha256:2a5da3756ada283b494a1b66b08297905531e1450f2143cdc58a222a257908d4"},
    {file = "scalene-1.5.16-cp38-cp38-win_amd64.whl", hash = "sha256:b6467288c43e65333063bd522c83486a4895869a101a94d0b13a58effa456611"},
    {file = "scalene-1.5.16-cp39-cp39-macosx_10_15_universal2.whl", hash = "sha256:ff7a2e9587ef2d268c81f2684b458a29c1d591f1225c13f7954e0d5d655abfdd"},
    {file = "scalene-1.5.16-cp39-cp39-manylinux_2_24_x86_64.whl", hash = "sha256:4b8da9edba2400a6ce1a8daada03fd9f310963a4c04f59d3e7c520e0103a3a9b"},
    {file = "scalene-1.5.16-cp39-cp39-win_amd64.whl", hash = "sha256:bc0bd7f9111c8a66f9b83fc362f8e610693181e9de28bdc42efc3a249db588e2"},
    {file = "scalene-1.5.16.tar.gz", hash = "sha256:2b09aa9b3c5e59c87a08db38771cb75fc0b4c504e93b4be2203f01177ca054b0"},
]

[package.dependencies]
cloudpickle = ">=1.5.0"
Jinja2 = ">=3.0.3"
pynvml = ">=11.0.0"
rich = ">=10.7.0"
wheel = ">=0.36.1"

[[package]]
name = "wheel"
version = "0.38.4"
description = "A built-package format for Python"
optional = false
python-versions = ">=3.7"
files = [
    {file = "wheel-0.38.4-py3-none-any.whl", hash = "sha256:b60533f3f5d530e971d6737ca6d58681ee434818fab630c83a734bb10c083ce8"},
    {file = "wheel-0.38.4.tar.gz", hash = "sha256:965f5259b566725405b05e7cf774052044b1ed30119b5d586b2703aafe8719ac"},
]

[package.extras]
test = ["pytest (>=3.0.0)"]

[metadata]
lock-version = "2.0"
python-versions = "^3.10"
content-hash = "cb76e22a60ef6fe73502f94e6fef369bc0aac6dd024a95ccbc4e691ccdf7375a"
