# This file is automatically @generated by Poetry 1.6.1 and should not be changed by hand.

[[package]]
name = "cloudpickle"
version = "2.2.0"
description = "Extended pickling support for Python objects"
optional = false
python-versions = ">=3.6"
files = [
    {file = "cloudpickle-2.2.0-py3-none-any.whl", hash = "sha256:7428798d5926d8fcbfd092d18d01a2a03daf8237d8fcdc8095d256b8490796f0"},
    {file = "cloudpickle-2.2.0.tar.gz", hash = "sha256:3f4219469c55453cfe4737e564b67c2a149109dabf7f242478948b895f61106f"},
]

[[package]]
name = "commonmark"
version = "0.9.1"
description = "Python parser for the CommonMark Markdown spec"
optional = false
python-versions = "*"
files = [
    {file = "commonmark-0.9.1-py2.py3-none-any.whl", hash = "sha256:da2f38c92590f83de410ba1a3cbceafbc74fee9def35f9251ba9a971d6d66fd9"},
    {file = "commonmark-0.9.1.tar.gz", hash = "sha256:452f9dc859be7f06631ddcb328b6919c67984aca654e5fefb3914d54691aed60"},
]

[package.extras]
test = ["flake8 (==3.7.8)", "hypothesis (==3.55.3)"]

[[package]]
name = "jinja2"
version = "3.1.2"
description = "A very fast and expressive template engine."
optional = false
python-versions = ">=3.7"
files = [
    {file = "Jinja2-3.1.2-py3-none-any.whl", hash = "sha256:6088930bfe239f0e6710546ab9c19c9ef35e29792895fed6e6e31a023a182a61"},
    {file = "Jinja2-3.1.2.tar.gz", hash = "sha256:31351a702a408a9e7595a8fc6150fc3f43bb6bf7e319770cbc0db9df9437e852"},
]

[package.dependencies]
MarkupSafe = ">=2.0"

[package.extras]
i18n = ["Babel (>=2.7)"]

[[package]]
name = "markupsafe"
version = "2.1.1"
description = "Safely add untrusted strings to HTML/XML markup."
optional = false
python-versions = ">=3.7"
files = [
    {file = "MarkupSafe-2.1.1-cp310-cp310-macosx_10_9_universal2.whl", hash = "sha256:86b1f75c4e7c2ac2ccdaec2b9022845dbb81880ca318bb7a0a01fbf7813e3812"},
    {file = "MarkupSafe-2.1.1-cp310-cp310-macosx_10_9_x86_64.whl", hash = "sha256:f121a1420d4e173a5d96e47e9a0c0dcff965afdf1626d28de1460815f7c4ee7a"},
    {file = "MarkupSafe-2.1.1-cp310-cp310-manylinux_2_17_aarch64.manylinux2014_aarch64.whl", hash = "sha256:a49907dd8420c5685cfa064a1335b6754b74541bbb3706c259c02ed65b644b3e"},
    {file = "MarkupSafe-2.1.1-cp310-cp310-manylinux_2_17_x86_64.manylinux2014_x86_64.whl", hash = "sha256:10c1bfff05d95783da83491be968e8fe789263689c02724e0c691933c52994f5"},
    {file = "MarkupSafe-2.1.1-cp310-cp310-manylinux_2_5_i686.manylinux1_i686.manylinux_2_17_i686.manylinux2014_i686.whl", hash = "sha256:b7bd98b796e2b6553da7225aeb61f447f80a1ca64f41d83612e6139ca5213aa4"},
    {file = "MarkupSafe-2.1.1-cp310-cp310-musllinux_1_1_aarch64.whl", hash = "sha256:b09bf97215625a311f669476f44b8b318b075847b49316d3e28c08e41a7a573f"},
    {file = "MarkupSafe-2.1.1-cp310-cp310-musllinux_1_1_i686.whl", hash = "sha256:694deca8d702d5db21ec83983ce0bb4b26a578e71fbdbd4fdcd387daa90e4d5e"},
    {file = "MarkupSafe-2.1.1-cp310-cp310-musllinux_1_1_x86_64.whl", hash = "sha256:efc1913fd2ca4f334418481c7e595c00aad186563bbc1ec76067848c7ca0a933"},
    {file = "MarkupSafe-2.1.1-cp310-cp310-win32.whl", hash = "sha256:4a33dea2b688b3190ee12bd7cfa29d39c9ed176bda40bfa11099a3ce5d3a7ac6"},
    {file = "MarkupSafe-2.1.1-cp310-cp310-win_amd64.whl", hash = "sha256:dda30ba7e87fbbb7eab1ec9f58678558fd9a6b8b853530e176eabd064da81417"},
    {file = "MarkupSafe-2.1.1-cp37-cp37m-macosx_10_9_x86_64.whl", hash = "sha256:671cd1187ed5e62818414afe79ed29da836dde67166a9fac6d435873c44fdd02"},
    {file = "MarkupSafe-2.1.1-cp37-cp37m-manylinux_2_17_aarch64.manylinux2014_aarch64.whl", hash = "sha256:3799351e2336dc91ea70b034983ee71cf2f9533cdff7c14c90ea126bfd95d65a"},
    {file = "MarkupSafe-2.1.1-cp37-cp37m-manylinux_2_17_x86_64.manylinux2014_x86_64.whl", hash = "sha256:e72591e9ecd94d7feb70c1cbd7be7b3ebea3f548870aa91e2732960fa4d57a37"},
    {file = "MarkupSafe-2.1.1-cp37-cp37m-manylinux_2_5_i686.manylinux1_i686.manylinux_2_17_i686.manylinux2014_i686.whl", hash = "sha256:6fbf47b5d3728c6aea2abb0589b5d30459e369baa772e0f37a0320185e87c980"},
    {file = "MarkupSafe-2.1.1-cp37-cp37m-musllinux_1_1_aarch64.whl", hash = "sha256:d5ee4f386140395a2c818d149221149c54849dfcfcb9f1debfe07a8b8bd63f9a"},
    {file = "MarkupSafe-2.1.1-cp37-cp37m-musllinux_1_1_i686.whl", hash = "sha256:bcb3ed405ed3222f9904899563d6fc492ff75cce56cba05e32eff40e6acbeaa3"},
    {file = "MarkupSafe-2.1.1-cp37-cp37m-musllinux_1_1_x86_64.whl", hash = "sha256:e1c0b87e09fa55a220f058d1d49d3fb8df88fbfab58558f1198e08c1e1de842a"},
    {file = "MarkupSafe-2.1.1-cp37-cp37m-win32.whl", hash = "sha256:8dc1c72a69aa7e082593c4a203dcf94ddb74bb5c8a731e4e1eb68d031e8498ff"},
    {file = "MarkupSafe-2.1.1-cp37-cp37m-win_amd64.whl", hash = "sha256:97a68e6ada378df82bc9f16b800ab77cbf4b2fada0081794318520138c088e4a"},
    {file = "MarkupSafe-2.1.1-cp38-cp38-macosx_10_9_universal2.whl", hash = "sha256:e8c843bbcda3a2f1e3c2ab25913c80a3c5376cd00c6e8c4a86a89a28c8dc5452"},
    {file = "MarkupSafe-2.1.1-cp38-cp38-macosx_10_9_x86_64.whl", hash = "sha256:0212a68688482dc52b2d45013df70d169f542b7394fc744c02a57374a4207003"},
    {file = "MarkupSafe-2.1.1-cp38-cp38-manylinux_2_17_aarch64.manylinux2014_aarch64.whl", hash = "sha256:8e576a51ad59e4bfaac456023a78f6b5e6e7651dcd383bcc3e18d06f9b55d6d1"},
    {file = "MarkupSafe-2.1.1-cp38-cp38-manylinux_2_17_x86_64.manylinux2014_x86_64.whl", hash = "sha256:4b9fe39a2ccc108a4accc2676e77da025ce383c108593d65cc909add5c3bd601"},
    {file = "MarkupSafe-2.1.1-cp38-cp38-manylinux_2_5_i686.manylinux1_i686.manylinux_2_17_i686.manylinux2014_i686.whl", hash = "sha256:96e37a3dc86e80bf81758c152fe66dbf60ed5eca3d26305edf01892257049925"},
    {file = "MarkupSafe-2.1.1-cp38-cp38-musllinux_1_1_aarch64.whl", hash = "sha256:6d0072fea50feec76a4c418096652f2c3238eaa014b2f94aeb1d56a66b41403f"},
    {file = "MarkupSafe-2.1.1-cp38-cp38-musllinux_1_1_i686.whl", hash = "sha256:089cf3dbf0cd6c100f02945abeb18484bd1ee57a079aefd52cffd17fba910b88"},
    {file = "MarkupSafe-2.1.1-cp38-cp38-musllinux_1_1_x86_64.whl", hash = "sha256:6a074d34ee7a5ce3effbc526b7083ec9731bb3cbf921bbe1d3005d4d2bdb3a63"},
    {file = "MarkupSafe-2.1.1-cp38-cp38-win32.whl", hash = "sha256:421be9fbf0ffe9ffd7a378aafebbf6f4602d564d34be190fc19a193232fd12b1"},
    {file = "MarkupSafe-2.1.1-cp38-cp38-win_amd64.whl", hash = "sha256:fc7b548b17d238737688817ab67deebb30e8073c95749d55538ed473130ec0c7"},
    {file = "MarkupSafe-2.1.1-cp39-cp39-macosx_10_9_universal2.whl", hash = "sha256:e04e26803c9c3851c931eac40c695602c6295b8d432cbe78609649ad9bd2da8a"},
    {file = "MarkupSafe-2.1.1-cp39-cp39-macosx_10_9_x86_64.whl", hash = "sha256:b87db4360013327109564f0e591bd2a3b318547bcef31b468a92ee504d07ae4f"},
    {file = "MarkupSafe-2.1.1-cp39-cp39-manylinux_2_17_aarch64.manylinux2014_aarch64.whl", hash = "sha256:99a2a507ed3ac881b975a2976d59f38c19386d128e7a9a18b7df6fff1fd4c1d6"},
    {file = "MarkupSafe-2.1.1-cp39-cp39-manylinux_2_17_x86_64.manylinux2014_x86_64.whl", hash = "sha256:56442863ed2b06d19c37f94d999035e15ee982988920e12a5b4ba29b62ad1f77"},
    {file = "MarkupSafe-2.1.1-cp39-cp39-manylinux_2_5_i686.manylinux1_i686.manylinux_2_17_i686.manylinux2014_i686.whl", hash = "sha256:3ce11ee3f23f79dbd06fb3d63e2f6af7b12db1d46932fe7bd8afa259a5996603"},
    {file = "MarkupSafe-2.1.1-cp39-cp39-musllinux_1_1_aarch64.whl", hash = "sha256:33b74d289bd2f5e527beadcaa3f401e0df0a89927c1559c8566c066fa4248ab7"},
    {file = "MarkupSafe-2.1.1-cp39-cp39-musllinux_1_1_i686.whl", hash = "sha256:43093fb83d8343aac0b1baa75516da6092f58f41200907ef92448ecab8825135"},
    {file = "MarkupSafe-2.1.1-cp39-cp39-musllinux_1_1_x86_64.whl", hash = "sha256:8e3dcf21f367459434c18e71b2a9532d96547aef8a871872a5bd69a715c15f96"},
    {file = "MarkupSafe-2.1.1-cp39-cp39-win32.whl", hash = "sha256:d4306c36ca495956b6d568d276ac11fdd9c30a36f1b6eb928070dc5360b22e1c"},
    {file = "MarkupSafe-2.1.1-cp39-cp39-win_amd64.whl", hash = "sha256:46d00d6cfecdde84d40e572d63735ef81423ad31184100411e6e3388d405e247"},
    {file = "MarkupSafe-2.1.1.tar.gz", hash = "sha256:7f91197cc9e48f989d12e4e6fbc46495c446636dfc81b9ccf50bb0ec74b91d4b"},
]

[[package]]
name = "orjson"
version = "3.9.7"
description = "Fast, correct Python JSON library supporting dataclasses, datetimes, and numpy"
optional = false
python-versions = ">=3.7"
files = [
    {file = "orjson-3.9.7-cp310-cp310-macosx_10_15_x86_64.macosx_11_0_arm64.macosx_10_15_universal2.whl", hash = "sha256:b6df858e37c321cefbf27fe7ece30a950bcc3a75618a804a0dcef7ed9dd9c92d"},
    {file = "orjson-3.9.7-cp310-cp310-manylinux_2_17_aarch64.manylinux2014_aarch64.whl", hash = "sha256:5198633137780d78b86bb54dafaaa9baea698b4f059456cd4554ab7009619221"},
    {file = "orjson-3.9.7-cp310-cp310-manylinux_2_17_armv7l.manylinux2014_armv7l.whl", hash = "sha256:5e736815b30f7e3c9044ec06a98ee59e217a833227e10eb157f44071faddd7c5"},
    {file = "orjson-3.9.7-cp310-cp310-manylinux_2_17_ppc64le.manylinux2014_ppc64le.whl", hash = "sha256:a19e4074bc98793458b4b3ba35a9a1d132179345e60e152a1bb48c538ab863c4"},
    {file = "orjson-3.9.7-cp310-cp310-manylinux_2_17_s390x.manylinux2014_s390x.whl", hash = "sha256:80acafe396ab689a326ab0d80f8cc61dec0dd2c5dca5b4b3825e7b1e0132c101"},
    {file = "orjson-3.9.7-cp310-cp310-manylinux_2_17_x86_64.manylinux2014_x86_64.whl", hash = "sha256:355efdbbf0cecc3bd9b12589b8f8e9f03c813a115efa53f8dc2a523bfdb01334"},
    {file = "orjson-3.9.7-cp310-cp310-musllinux_1_1_aarch64.whl", hash = "sha256:3aab72d2cef7f1dd6104c89b0b4d6b416b0db5ca87cc2fac5f79c5601f549cc2"},
    {file = "orjson-3.9.7-cp310-cp310-musllinux_1_1_x86_64.whl", hash = "sha256:36b1df2e4095368ee388190687cb1b8557c67bc38400a942a1a77713580b50ae"},
    {file = "orjson-3.9.7-cp310-none-win32.whl", hash = "sha256:e94b7b31aa0d65f5b7c72dd8f8227dbd3e30354b99e7a9af096d967a77f2a580"},
    {file = "orjson-3.9.7-cp310-none-win_amd64.whl", hash = "sha256:82720ab0cf5bb436bbd97a319ac529aee06077ff7e61cab57cee04a596c4f9b4"},
    {file = "orjson-3.9.7-cp311-cp311-macosx_10_15_x86_64.macosx_11_0_arm64.macosx_10_15_universal2.whl", hash = "sha256:1f8b47650f90e298b78ecf4df003f66f54acdba6a0f763cc4df1eab048fe3738"},
    {file = "orjson-3.9.7-cp311-cp311-manylinux_2_17_aarch64.manylinux2014_aarch64.whl", hash = "sha256:f738fee63eb263530efd4d2e9c76316c1f47b3bbf38c1bf45ae9625feed0395e"},
    {file = "orjson-3.9.7-cp311-cp311-manylinux_2_17_armv7l.manylinux2014_armv7l.whl", hash = "sha256:38e34c3a21ed41a7dbd5349e24c3725be5416641fdeedf8f56fcbab6d981c900"},
    {file = "orjson-3.9.7-cp311-cp311-manylinux_2_17_ppc64le.manylinux2014_ppc64le.whl", hash = "sha256:21a3344163be3b2c7e22cef14fa5abe957a892b2ea0525ee86ad8186921b6cf0"},
    {file = "orjson-3.9.7-cp311-cp311-manylinux_2_17_s390x.manylinux2014_s390x.whl", hash = "sha256:23be6b22aab83f440b62a6f5975bcabeecb672bc627face6a83bc7aeb495dc7e"},
    {file = "orjson-3.9.7-cp311-cp311-manylinux_2_17_x86_64.manylinux2014_x86_64.whl", hash = "sha256:e5205ec0dfab1887dd383597012199f5175035e782cdb013c542187d280ca443"},
    {file = "orjson-3.9.7-cp311-cp311-musllinux_1_1_aarch64.whl", hash = "sha256:8769806ea0b45d7bf75cad253fba9ac6700b7050ebb19337ff6b4e9060f963fa"},
    {file = "orjson-3.9.7-cp311-cp311-musllinux_1_1_x86_64.whl", hash = "sha256:f9e01239abea2f52a429fe9d95c96df95f078f0172489d691b4a848ace54a476"},
    {file = "orjson-3.9.7-cp311-none-win32.whl", hash = "sha256:8bdb6c911dae5fbf110fe4f5cba578437526334df381b3554b6ab7f626e5eeca"},
    {file = "orjson-3.9.7-cp311-none-win_amd64.whl", hash = "sha256:9d62c583b5110e6a5cf5169ab616aa4ec71f2c0c30f833306f9e378cf51b6c86"},
    {file = "orjson-3.9.7-cp312-cp312-macosx_10_15_x86_64.macosx_11_0_arm64.macosx_10_15_universal2.whl", hash = "sha256:1c3cee5c23979deb8d1b82dc4cc49be59cccc0547999dbe9adb434bb7af11cf7"},
    {file = "orjson-3.9.7-cp312-cp312-manylinux_2_17_aarch64.manylinux2014_aarch64.whl", hash = "sha256:a347d7b43cb609e780ff8d7b3107d4bcb5b6fd09c2702aa7bdf52f15ed09fa09"},
    {file = "orjson-3.9.7-cp312-cp312-manylinux_2_17_armv7l.manylinux2014_armv7l.whl", hash = "sha256:154fd67216c2ca38a2edb4089584504fbb6c0694b518b9020ad35ecc97252bb9"},
    {file = "orjson-3.9.7-cp312-cp312-manylinux_2_17_ppc64le.manylinux2014_ppc64le.whl", hash = "sha256:7ea3e63e61b4b0beeb08508458bdff2daca7a321468d3c4b320a758a2f554d31"},
    {file = "orjson-3.9.7-cp312-cp312-manylinux_2_17_s390x.manylinux2014_s390x.whl", hash = "sha256:1eb0b0b2476f357eb2975ff040ef23978137aa674cd86204cfd15d2d17318588"},
    {file = "orjson-3.9.7-cp312-cp312-manylinux_2_17_x86_64.manylinux2014_x86_64.whl", hash = "sha256:70b9a20a03576c6b7022926f614ac5a6b0914486825eac89196adf3267c6489d"},
    {file = "orjson-3.9.7-cp312-cp312-musllinux_1_1_aarch64.whl", hash = "sha256:915e22c93e7b7b636240c5a79da5f6e4e84988d699656c8e27f2ac4c95b8dcc0"},
    {file = "orjson-3.9.7-cp312-cp312-musllinux_1_1_x86_64.whl", hash = "sha256:f26fb3e8e3e2ee405c947ff44a3e384e8fa1843bc35830fe6f3d9a95a1147b6e"},
    {file = "orjson-3.9.7-cp312-none-win_amd64.whl", hash = "sha256:d8692948cada6ee21f33db5e23460f71c8010d6dfcfe293c9b96737600a7df78"},
    {file = "orjson-3.9.7-cp37-cp37m-macosx_10_15_x86_64.macosx_11_0_arm64.macosx_10_15_universal2.whl", hash = "sha256:7bab596678d29ad969a524823c4e828929a90c09e91cc438e0ad79b37ce41166"},
    {file = "orjson-3.9.7-cp37-cp37m-manylinux_2_17_aarch64.manylinux2014_aarch64.whl", hash = "sha256:63ef3d371ea0b7239ace284cab9cd00d9c92b73119a7c274b437adb09bda35e6"},
    {file = "orjson-3.9.7-cp37-cp37m-manylinux_2_17_armv7l.manylinux2014_armv7l.whl", hash = "sha256:2f8fcf696bbbc584c0c7ed4adb92fd2ad7d153a50258842787bc1524e50d7081"},
    {file = "orjson-3.9.7-cp37-cp37m-manylinux_2_17_ppc64le.manylinux2014_ppc64le.whl", hash = "sha256:90fe73a1f0321265126cbba13677dcceb367d926c7a65807bd80916af4c17047"},
    {file = "orjson-3.9.7-cp37-cp37m-manylinux_2_17_s390x.manylinux2014_s390x.whl", hash = "sha256:45a47f41b6c3beeb31ac5cf0ff7524987cfcce0a10c43156eb3ee8d92d92bf22"},
    {file = "orjson-3.9.7-cp37-cp37m-manylinux_2_17_x86_64.manylinux2014_x86_64.whl", hash = "sha256:5a2937f528c84e64be20cb80e70cea76a6dfb74b628a04dab130679d4454395c"},
    {file = "orjson-3.9.7-cp37-cp37m-musllinux_1_1_aarch64.whl", hash = "sha256:b4fb306c96e04c5863d52ba8d65137917a3d999059c11e659eba7b75a69167bd"},
    {file = "orjson-3.9.7-cp37-cp37m-musllinux_1_1_x86_64.whl", hash = "sha256:410aa9d34ad1089898f3db461b7b744d0efcf9252a9415bbdf23540d4f67589f"},
    {file = "orjson-3.9.7-cp37-none-win32.whl", hash = "sha256:26ffb398de58247ff7bde895fe30817a036f967b0ad0e1cf2b54bda5f8dcfdd9"},
    {file = "orjson-3.9.7-cp37-none-win_amd64.whl", hash = "sha256:bcb9a60ed2101af2af450318cd89c6b8313e9f8df4e8fb12b657b2e97227cf08"},
    {file = "orjson-3.9.7-cp38-cp38-macosx_10_15_x86_64.macosx_11_0_arm64.macosx_10_15_universal2.whl", hash = "sha256:5da9032dac184b2ae2da4bce423edff7db34bfd936ebd7d4207ea45840f03905"},
    {file = "orjson-3.9.7-cp38-cp38-manylinux_2_17_aarch64.manylinux2014_aarch64.whl", hash = "sha256:7951af8f2998045c656ba8062e8edf5e83fd82b912534ab1de1345de08a41d2b"},
    {file = "orjson-3.9.7-cp38-cp38-manylinux_2_17_armv7l.manylinux2014_armv7l.whl", hash = "sha256:b8e59650292aa3a8ea78073fc84184538783966528e442a1b9ed653aa282edcf"},
    {file = "orjson-3.9.7-cp38-cp38-manylinux_2_17_ppc64le.manylinux2014_ppc64le.whl", hash = "sha256:9274ba499e7dfb8a651ee876d80386b481336d3868cba29af839370514e4dce0"},
    {file = "orjson-3.9.7-cp38-cp38-manylinux_2_17_s390x.manylinux2014_s390x.whl", hash = "sha256:ca1706e8b8b565e934c142db6a9592e6401dc430e4b067a97781a997070c5378"},
    {file = "orjson-3.9.7-cp38-cp38-manylinux_2_17_x86_64.manylinux2014_x86_64.whl", hash = "sha256:83cc275cf6dcb1a248e1876cdefd3f9b5f01063854acdfd687ec360cd3c9712a"},
    {file = "orjson-3.9.7-cp38-cp38-musllinux_1_1_aarch64.whl", hash = "sha256:11c10f31f2c2056585f89d8229a56013bc2fe5de51e095ebc71868d070a8dd81"},
    {file = "orjson-3.9.7-cp38-cp38-musllinux_1_1_x86_64.whl", hash = "sha256:cf334ce1d2fadd1bf3e5e9bf15e58e0c42b26eb6590875ce65bd877d917a58aa"},
    {file = "orjson-3.9.7-cp38-none-win32.whl", hash = "sha256:76a0fc023910d8a8ab64daed8d31d608446d2d77c6474b616b34537aa7b79c7f"},
    {file = "orjson-3.9.7-cp38-none-win_amd64.whl", hash = "sha256:7a34a199d89d82d1897fd4a47820eb50947eec9cda5fd73f4578ff692a912f89"},
    {file = "orjson-3.9.7-cp39-cp39-macosx_10_15_x86_64.macosx_11_0_arm64.macosx_10_15_universal2.whl", hash = "sha256:e7e7f44e091b93eb39db88bb0cb765db09b7a7f64aea2f35e7d86cbf47046c65"},
    {file = "orjson-3.9.7-cp39-cp39-manylinux_2_17_aarch64.manylinux2014_aarch64.whl", hash = "sha256:01d647b2a9c45a23a84c3e70e19d120011cba5f56131d185c1b78685457320bb"},
    {file = "orjson-3.9.7-cp39-cp39-manylinux_2_17_armv7l.manylinux2014_armv7l.whl", hash = "sha256:0eb850a87e900a9c484150c414e21af53a6125a13f6e378cf4cc11ae86c8f9c5"},
    {file = "orjson-3.9.7-cp39-cp39-manylinux_2_17_ppc64le.manylinux2014_ppc64le.whl", hash = "sha256:8f4b0042d8388ac85b8330b65406c84c3229420a05068445c13ca28cc222f1f7"},
    {file = "orjson-3.9.7-cp39-cp39-manylinux_2_17_s390x.manylinux2014_s390x.whl", hash = "sha256:cd3e7aae977c723cc1dbb82f97babdb5e5fbce109630fbabb2ea5053523c89d3"},
    {file = "orjson-3.9.7-cp39-cp39-manylinux_2_17_x86_64.manylinux2014_x86_64.whl", hash = "sha256:4c616b796358a70b1f675a24628e4823b67d9e376df2703e893da58247458956"},
    {file = "orjson-3.9.7-cp39-cp39-musllinux_1_1_aarch64.whl", hash = "sha256:c3ba725cf5cf87d2d2d988d39c6a2a8b6fc983d78ff71bc728b0be54c869c884"},
    {file = "orjson-3.9.7-cp39-cp39-musllinux_1_1_x86_64.whl", hash = "sha256:4891d4c934f88b6c29b56395dfc7014ebf7e10b9e22ffd9877784e16c6b2064f"},
    {file = "orjson-3.9.7-cp39-none-win32.whl", hash = "sha256:14d3fb6cd1040a4a4a530b28e8085131ed94ebc90d72793c59a713de34b60838"},
    {file = "orjson-3.9.7-cp39-none-win_amd64.whl", hash = "sha256:9ef82157bbcecd75d6296d5d8b2d792242afcd064eb1ac573f8847b52e58f677"},
    {file = "orjson-3.9.7.tar.gz", hash = "sha256:85e39198f78e2f7e054d296395f6c96f5e02892337746ef5b6a1bf3ed5910142"},
]

[[package]]
name = "pygments"
version = "2.15.0"
description = "Pygments is a syntax highlighting package written in Python."
optional = false
python-versions = ">=3.7"
files = [
    {file = "Pygments-2.15.0-py3-none-any.whl", hash = "sha256:77a3299119af881904cd5ecd1ac6a66214b6e9bed1f2db16993b54adede64094"},
    {file = "Pygments-2.15.0.tar.gz", hash = "sha256:f7e36cffc4c517fbc252861b9a6e4644ca0e5abadf9a113c72d1358ad09b9500"},
]

[package.extras]
plugins = ["importlib-metadata"]

[[package]]
name = "pynvml"
version = "11.4.1"
description = "Python Bindings for the NVIDIA Management Library"
optional = false
python-versions = ">=3.6"
files = [
    {file = "pynvml-11.4.1-py3-none-any.whl", hash = "sha256:d27be542cd9d06558de18e2deffc8022ccd7355bc7382255d477038e7e424c6c"},
    {file = "pynvml-11.4.1.tar.gz", hash = "sha256:b2e4a33b80569d093b513f5804db0c7f40cfc86f15a013ae7a8e99c5e175d5dd"},
]

[[package]]
name = "python-rapidjson"
version = "1.11"
description = "Python wrapper around rapidjson"
optional = false
python-versions = ">=3.6"
files = [
    {file = "python-rapidjson-1.11.tar.gz", hash = "sha256:94cf045b37517e88d6b07ab21ef09e5e2337cc151160eb9a1e01d6e39ae3eab4"},
    {file = "python_rapidjson-1.11-cp310-cp310-macosx_10_9_x86_64.whl", hash = "sha256:69aee99fb23ec35913fc1a998eb1194e24df4b551918c249148e992930412782"},
    {file = "python_rapidjson-1.11-cp310-cp310-manylinux_2_17_aarch64.manylinux2014_aarch64.whl", hash = "sha256:9dc7d16155711a9699ee479e57a48d85e8081c08ac9025dab850f50c2a19cb39"},
    {file = "python_rapidjson-1.11-cp310-cp310-manylinux_2_17_ppc64le.manylinux2014_ppc64le.whl", hash = "sha256:47e42c8371145db1c573d6a5119fcd8b77f121c9bfde6422dc1af0a903dd0c9f"},
    {file = "python_rapidjson-1.11-cp310-cp310-manylinux_2_17_x86_64.manylinux2014_x86_64.whl", hash = "sha256:6192bcad796947cdec719238f8cf01bb3a68fb8f762d259fc59ddb8a9e28fe24"},
    {file = "python_rapidjson-1.11-cp310-cp310-manylinux_2_5_i686.manylinux1_i686.manylinux_2_17_i686.manylinux2014_i686.whl", hash = "sha256:1642783d9887e3a1e946ca434a6fab009459ca08f4b7a8f1b04027e4285c8223"},
    {file = "python_rapidjson-1.11-cp310-cp310-musllinux_1_1_aarch64.whl", hash = "sha256:2ca14f33ba75213fe0ba36b7db77d200a3186d466fe5c1280129b29eafb09d2d"},
    {file = "python_rapidjson-1.11-cp310-cp310-musllinux_1_1_i686.whl", hash = "sha256:357b4f5da62093948f4a8a2278c11636a44350e19f2dcc1b274d954527967d19"},
    {file = "python_rapidjson-1.11-cp310-cp310-musllinux_1_1_ppc64le.whl", hash = "sha256:4159e552c3edbc3e90ca044ef782b06d525a98f9d60b973c436edc86b53f1ccf"},
    {file = "python_rapidjson-1.11-cp310-cp310-musllinux_1_1_x86_64.whl", hash = "sha256:bc8602cd5085042dea270d47fce3fce37297ca7a6d6439879c8a8062e68eb0f2"},
    {file = "python_rapidjson-1.11-cp310-cp310-win32.whl", hash = "sha256:75747543d3b30404221552700770df3477a77a3c6c38873d077f05cfef25c029"},
    {file = "python_rapidjson-1.11-cp310-cp310-win_amd64.whl", hash = "sha256:40b08c0ec99cb5a52e8ca8a16fd32fe9f2403acb1192ffff6e3190b029d1f477"},
    {file = "python_rapidjson-1.11-cp311-cp311-macosx_10_9_x86_64.whl", hash = "sha256:d1de9aecc64cb8cbdc671ba8fc0c6d30558ac90c5cb3b9227019cfbe2fde5c5a"},
    {file = "python_rapidjson-1.11-cp311-cp311-manylinux_2_17_aarch64.manylinux2014_aarch64.whl", hash = "sha256:ec1f9485c5a3a66f6db73752a193b08c7fc57486416946c4d2ae317c90460114"},
    {file = "python_rapidjson-1.11-cp311-cp311-manylinux_2_17_ppc64le.manylinux2014_ppc64le.whl", hash = "sha256:4d308eddc99fc66b696d33a67ba93635ae4493e646d6f4c11d0fb9d5183e2477"},
    {file = "python_rapidjson-1.11-cp311-cp311-manylinux_2_17_x86_64.manylinux2014_x86_64.whl", hash = "sha256:f2dec01050418764e07e3d752f9203d774d05fb91c636ca7f20b78a5c17ea1a1"},
    {file = "python_rapidjson-1.11-cp311-cp311-manylinux_2_5_i686.manylinux1_i686.manylinux_2_17_i686.manylinux2014_i686.whl", hash = "sha256:a50afbb1b41631e22280b72078b78b9a708a6cbf2f14bfb469e42bd9bb576307"},
    {file = "python_rapidjson-1.11-cp311-cp311-musllinux_1_1_aarch64.whl", hash = "sha256:d89f40bbb09627312a2b6c6bbd1a3e6fb722c87919e82ce5912f246b6b455fb0"},
    {file = "python_rapidjson-1.11-cp311-cp311-musllinux_1_1_i686.whl", hash = "sha256:5508da0bb801b5de138f4f649ca0efbe3a16fa98e99ae016cc5fc4fa3455a7e4"},
    {file = "python_rapidjson-1.11-cp311-cp311-musllinux_1_1_ppc64le.whl", hash = "sha256:4e5728fcc7fd43ff310035aaef3188c265e496a63b39eef282e87b8cd5f1bc07"},
    {file = "python_rapidjson-1.11-cp311-cp311-musllinux_1_1_x86_64.whl", hash = "sha256:3a6651871e970595517a51942c295e5721cd8c103bd5013854ca7636776786cd"},
    {file = "python_rapidjson-1.11-cp311-cp311-win32.whl", hash = "sha256:5386c925fa40ea126db02ccb35e5962387fe376b6a1ebc6fe524dd9d5a31bcfa"},
    {file = "python_rapidjson-1.11-cp311-cp311-win_amd64.whl", hash = "sha256:1e8a9c603d1f5c6ae1866e8a48c54995a844f490f81a66314dc28b6980d914dd"},
    {file = "python_rapidjson-1.11-cp312-cp312-macosx_10_9_x86_64.whl", hash = "sha256:20445a3726fcc642d4c1e02d77f26d9a74efd00148e525e067d6866d5dc8924b"},
    {file = "python_rapidjson-1.11-cp312-cp312-manylinux_2_17_aarch64.manylinux2014_aarch64.whl", hash = "sha256:f03eddb0580b88db1001966d8abd6d385ca81e47efc93ab6fa4bda136ec40275"},
    {file = "python_rapidjson-1.11-cp312-cp312-manylinux_2_17_ppc64le.manylinux2014_ppc64le.whl", hash = "sha256:3213a83857a0b8c1202e8efc7fc82f5ac0c9a8417b8ae87d795ec8fef2e5466f"},
    {file = "python_rapidjson-1.11-cp312-cp312-manylinux_2_17_x86_64.manylinux2014_x86_64.whl", hash = "sha256:e963fd1723026c42de5103fe51be95021b86828a0b9c580c38043d1e741f201f"},
    {file = "python_rapidjson-1.11-cp312-cp312-manylinux_2_5_i686.manylinux1_i686.manylinux_2_17_i686.manylinux2014_i686.whl", hash = "sha256:804d35f7f42eda1d9e1fcb8256fd8127795fafc519debe817aeaa88ebf109b2b"},
    {file = "python_rapidjson-1.11-cp312-cp312-musllinux_1_1_aarch64.whl", hash = "sha256:a8a057d5fce321686008d1a8dc59a2d59525e49bb3a78b0dda5014998c89d0ce"},
    {file = "python_rapidjson-1.11-cp312-cp312-musllinux_1_1_i686.whl", hash = "sha256:96c1ef61c3ded0d12c65718be22fd9074cb47e29b549e68c21793edf2dc35ac8"},
    {file = "python_rapidjson-1.11-cp312-cp312-musllinux_1_1_ppc64le.whl", hash = "sha256:a6a1b79b9a86d735e6ed86076cf2f1a9405c0d539446c4c1bcc85cc072e276b7"},
    {file = "python_rapidjson-1.11-cp312-cp312-musllinux_1_1_x86_64.whl", hash = "sha256:6a88fc85400ce8d8cc5f2a1813638b2ee4fbaa4bdf29cbb5a5c2fd59ba323797"},
    {file = "python_rapidjson-1.11-cp312-cp312-win32.whl", hash = "sha256:23de14925227b6ef8c5fe3f9ef67e83b5da113f5b6e709ab459e141f45d7dcfa"},
    {file = "python_rapidjson-1.11-cp312-cp312-win_amd64.whl", hash = "sha256:20e1004572ba9c39ac64d54d1df74baad838dda6bf14438c0fc00bf26db3e703"},
    {file = "python_rapidjson-1.11-cp38-cp38-macosx_10_9_x86_64.whl", hash = "sha256:30091f1d21adc43849c5981afd3afea895e9a683f7d29ad13386db13b8a8c92c"},
    {file = "python_rapidjson-1.11-cp38-cp38-manylinux_2_17_aarch64.manylinux2014_aarch64.whl", hash = "sha256:d645f5484b998115328f8a3ea8d8eddc1ad2d53a9d044a031e568749ee2b56d2"},
    {file = "python_rapidjson-1.11-cp38-cp38-manylinux_2_17_ppc64le.manylinux2014_ppc64le.whl", hash = "sha256:96c5f92b8eaf009fe75e42416a12b6dca890f71cb20a874318eddf30220a7770"},
    {file = "python_rapidjson-1.11-cp38-cp38-manylinux_2_17_x86_64.manylinux2014_x86_64.whl", hash = "sha256:75cbce7bdde1e1b42fd667e45d32c46798fb0552da83b94a9df02eba1cea4a5f"},
    {file = "python_rapidjson-1.11-cp38-cp38-manylinux_2_5_i686.manylinux1_i686.manylinux_2_17_i686.manylinux2014_i686.whl", hash = "sha256:6538095ebfc21ef28df12c35d34855c0bf65797e9d6c3321a85606a5436ab21e"},
    {file = "python_rapidjson-1.11-cp38-cp38-musllinux_1_1_aarch64.whl", hash = "sha256:e8381d7c2af50ffd490021e5a137b9878df606628abe51e9d2fa5728cd5b7508"},
    {file = "python_rapidjson-1.11-cp38-cp38-musllinux_1_1_i686.whl", hash = "sha256:87564e741ce808e3b5952e2546b8a95444d11bcc2a4bfc0ea2218c8e6e7b7d53"},
    {file = "python_rapidjson-1.11-cp38-cp38-musllinux_1_1_ppc64le.whl", hash = "sha256:d86b9b1f2002865a5a85ae9ace26c0c7a51707ee1a84773cf5dcfbcfc57d66a7"},
    {file = "python_rapidjson-1.11-cp38-cp38-musllinux_1_1_x86_64.whl", hash = "sha256:c7d0e814f0420962071421ab6070b9551139ee6dfb31d569db65dbba5333b668"},
    {file = "python_rapidjson-1.11-cp38-cp38-win32.whl", hash = "sha256:ecd854545aa80da936d2294aa18198899db48547ee0d0da04695e78fc7f9c4d5"},
    {file = "python_rapidjson-1.11-cp38-cp38-win_amd64.whl", hash = "sha256:626031b471b0304604e4423f12cecfef3d4b2e3f84caf7533a98a9eb121e8451"},
    {file = "python_rapidjson-1.11-cp39-cp39-macosx_10_9_x86_64.whl", hash = "sha256:0c90afd649c527888bcc8c845804eb855b79dc0d8ce9ad70a46fb7ffda9c8eb4"},
    {file = "python_rapidjson-1.11-cp39-cp39-manylinux_2_17_aarch64.manylinux2014_aarch64.whl", hash = "sha256:20c63e6032b394fe830db200d9c9db5b37b52a9807003c50ff0c00cc87916849"},
    {file = "python_rapidjson-1.11-cp39-cp39-manylinux_2_17_ppc64le.manylinux2014_ppc64le.whl", hash = "sha256:80b9e086ffb818ed063ad577cf034d96141b4c041b8e212d6eaf0c20554b3c03"},
    {file = "python_rapidjson-1.11-cp39-cp39-manylinux_2_17_x86_64.manylinux2014_x86_64.whl", hash = "sha256:f56f352c50e43ccd941bf5f4b4e9ce6b62b430d3046795b56a0b5cbb4d2327cb"},
    {file = "python_rapidjson-1.11-cp39-cp39-manylinux_2_5_i686.manylinux1_i686.manylinux_2_17_i686.manylinux2014_i686.whl", hash = "sha256:ca01f1596e039061085bf5f9a9dd9f048806bd7af31320b52393704d7e661cb8"},
    {file = "python_rapidjson-1.11-cp39-cp39-musllinux_1_1_aarch64.whl", hash = "sha256:b42dc67a3f65b02908a5ebe9de10c47364e011e12df8c7c6f19d784f8d9891ab"},
    {file = "python_rapidjson-1.11-cp39-cp39-musllinux_1_1_i686.whl", hash = "sha256:03ffea9363943865caa1ac1812ad931aea441fb217f6fb6778886da10c70cb6f"},
    {file = "python_rapidjson-1.11-cp39-cp39-musllinux_1_1_ppc64le.whl", hash = "sha256:bbedeab7862b6e94a1e9e9b93c306b25aa23992af2c1b4ab2d3d13c710e92d4f"},
    {file = "python_rapidjson-1.11-cp39-cp39-musllinux_1_1_x86_64.whl", hash = "sha256:90e8b1a25193a48cf41bc4cf73177951e99dd05c7fcea4df94ad4ca239748a25"},
    {file = "python_rapidjson-1.11-cp39-cp39-win32.whl", hash = "sha256:7348122657919d48bc021ce7ef63276653942dc90b16eba4e7fffb917bcf7ae0"},
    {file = "python_rapidjson-1.11-cp39-cp39-win_amd64.whl", hash = "sha256:7ed9f6526c4704154397566037089e7aed6e6e9465382dda5fd64d2f122a37c8"},
]

[[package]]
name = "rich"
version = "12.6.0"
description = "Render rich text, tables, progress bars, syntax highlighting, markdown and more to the terminal"
optional = false
python-versions = ">=3.6.3,<4.0.0"
files = [
    {file = "rich-12.6.0-py3-none-any.whl", hash = "sha256:a4eb26484f2c82589bd9a17c73d32a010b1e29d89f1604cd9bf3a2097b81bb5e"},
    {file = "rich-12.6.0.tar.gz", hash = "sha256:ba3a3775974105c221d31141f2c116f4fd65c5ceb0698657a11e9f295ec93fd0"},
]

[package.dependencies]
commonmark = ">=0.9.0,<0.10.0"
pygments = ">=2.6.0,<3.0.0"

[package.extras]
jupyter = ["ipywidgets (>=7.5.1,<8.0.0)"]

[[package]]
name = "scalene"
version = "1.5.19"
description = "Scalene: A high-resolution, low-overhead CPU, GPU, and memory profiler for Python"
optional = false
python-versions = ">=3.8"
files = [
    {file = "scalene-1.5.19-cp310-cp310-macosx_11_7_universal2.whl", hash = "sha256:78480f92f5098fffdcba4e4cd540fdb6b7a95ff933ee93e1056b0aa2ab746643"},
    {file = "scalene-1.5.19-cp310-cp310-manylinux_2_24_x86_64.whl", hash = "sha256:1da57151f00c70446309c9b52843ce7b437bbf32d336a7c309d4fe0b8deda2a2"},
    {file = "scalene-1.5.19-cp310-cp310-win_amd64.whl", hash = "sha256:cdb9be734cfb6b42eef1105fee1876a5c465eb72e109c0d0ceea6e6bdbce21c6"},
    {file = "scalene-1.5.19-cp311-cp311-macosx_10_9_universal2.whl", hash = "sha256:dd2b29bd13eaafdd98090108357680c1a6fa88067b4e71313252aa065bbe6ec1"},
    {file = "scalene-1.5.19-cp311-cp311-manylinux_2_24_x86_64.whl", hash = "sha256:2dac52555518c7159d2fd9c8c7c31ffa8b6a74f21d1b40a9d315a77f4a7f97ed"},
    {file = "scalene-1.5.19-cp311-cp311-win_amd64.whl", hash = "sha256:eeef31408df35972e54a39ae2d2f1aeab111f2d53d0a78061e45dcf024c6e01d"},
    {file = "scalene-1.5.19-cp37-cp37m-macosx_10_15_universal2.whl", hash = "sha256:58fb40d031081a55e813f292b2d85b64d7558a372832d8e456f7fe2113adf182"},
    {file = "scalene-1.5.19-cp37-cp37m-manylinux_2_24_x86_64.whl", hash = "sha256:50084cd5c2c4732f845011a7a5407c567df52160b5604a8b4b01ee8b0afee985"},
    {file = "scalene-1.5.19-cp38-cp38-macosx_10_15_universal2.whl", hash = "sha256:0997b1f1ec90e079a73349d702b18df60e6b24c31c255d3e8d6ec6a8b03493c8"},
    {file = "scalene-1.5.19-cp38-cp38-manylinux_2_24_x86_64.whl", hash = "sha256:f67f39321548c06de440319bdd70c41c14b6c50d4748226a101402995677cade"},
    {file = "scalene-1.5.19-cp38-cp38-win_amd64.whl", hash = "sha256:7a1d452ad4d32cf8adb8b86cae4e5b9c7bff866fff1c43618f9ad114b9ecac32"},
    {file = "scalene-1.5.19-cp39-cp39-macosx_11_7_universal2.whl", hash = "sha256:6c08f3bc0b6355db3c34f0e9aea1b291e64675bb832e19758ee751918787cac0"},
    {file = "scalene-1.5.19-cp39-cp39-manylinux_2_24_x86_64.whl", hash = "sha256:d8bc53334b13e486ed6ba03fe4b7595ad4038d05537793eed9999952ba1b34c6"},
    {file = "scalene-1.5.19-cp39-cp39-win_amd64.whl", hash = "sha256:d1fd5d83f3c022ddc46049f29823351b8dbdb8590f5803358fa6034784601f24"},
    {file = "scalene-1.5.19.tar.gz", hash = "sha256:59c5eaaa64f4990444f9606e841b268d49f55dcd7467162e48f9658150a9cd1e"},
]

[package.dependencies]
cloudpickle = ">=1.5.0"
Jinja2 = ">=3.0.3"
pynvml = ">=11.0.0"
rich = ">=10.7.0"
wheel = ">=0.36.1"

[[package]]
name = "wheel"
version = "0.38.4"
description = "A built-package format for Python"
optional = false
python-versions = ">=3.7"
files = [
    {file = "wheel-0.38.4-py3-none-any.whl", hash = "sha256:b60533f3f5d530e971d6737ca6d58681ee434818fab630c83a734bb10c083ce8"},
    {file = "wheel-0.38.4.tar.gz", hash = "sha256:965f5259b566725405b05e7cf774052044b1ed30119b5d586b2703aafe8719ac"},
]

[package.extras]
test = ["pytest (>=3.0.0)"]

[metadata]
lock-version = "2.0"
python-versions = "^3.10"
content-hash = "cb76e22a60ef6fe73502f94e6fef369bc0aac6dd024a95ccbc4e691ccdf7375a"
