version = 1
revision = 3
requires-python = ">=3.12"

[[package]]
name = "aiosqlite"
version = "0.21.0"
source = { registry = "https://pypi.org/simple" }
dependencies = [
    { name = "typing-extensions" },
]
sdist = { url = "https://files.pythonhosted.org/packages/13/7d/8bca2bf9a247c2c5dfeec1d7a5f40db6518f88d314b8bca9da29670d2671/aiosqlite-0.21.0.tar.gz", hash = "sha256:131bb8056daa3bc875608c631c678cda73922a2d4ba8aec373b19f18c17e7aa3", size = 13454, upload-time = "2025-02-03T07:30:16.235Z" }
wheels = [
    { url = "https://files.pythonhosted.org/packages/f5/10/6c25ed6de94c49f88a91fa5018cb4c0f3625f31d5be9f771ebe5cc7cd506/aiosqlite-0.21.0-py3-none-any.whl", hash = "sha256:2549cf4057f95f53dcba16f2b64e8e2791d7e1adedb13197dd8ed77bb226d7d0", size = 15792, upload-time = "2025-02-03T07:30:13.6Z" },
]

[[package]]
name = "iso8601"
version = "2.1.0"
source = { registry = "https://pypi.org/simple" }
sdist = { url = "https://files.pythonhosted.org/packages/b9/f3/ef59cee614d5e0accf6fd0cbba025b93b272e626ca89fb70a3e9187c5d15/iso8601-2.1.0.tar.gz", hash = "sha256:6b1d3829ee8921c4301998c909f7829fa9ed3cbdac0d3b16af2d743aed1ba8df", size = 6522, upload-time = "2023-10-03T00:25:39.317Z" }
wheels = [
    { url = "https://files.pythonhosted.org/packages/6c/0c/f37b6a241f0759b7653ffa7213889d89ad49a2b76eb2ddf3b57b2738c347/iso8601-2.1.0-py3-none-any.whl", hash = "sha256:aac4145c4dcb66ad8b648a02830f5e2ff6c24af20f4f482689be402db2429242", size = 7545, upload-time = "2023-10-03T00:25:32.304Z" },
]

[[package]]
name = "orjson"
version = "3.11.6"
source = { registry = "https://pypi.org/simple" }
sdist = { url = "https://files.pythonhosted.org/packages/70/a3/4e09c61a5f0c521cba0bb433639610ae037437669f1a4cbc93799e731d78/orjson-3.11.6.tar.gz", hash = "sha256:0a54c72259f35299fd033042367df781c2f66d10252955ca1efb7db309b954cb", size = 6175856, upload-time = "2026-01-29T15:13:07.942Z" }
wheels = [
    { url = "https://files.pythonhosted.org/packages/14/ba/759f2879f41910b7e5e0cdbd9cf82a4f017c527fb0e972e9869ca7fe4c8e/orjson-3.11.6-cp312-cp312-macosx_10_15_x86_64.macosx_11_0_arm64.macosx_10_15_universal2.whl", hash = "sha256:6f03f30cd8953f75f2a439070c743c7336d10ee940da918d71c6f3556af3ddcf", size = 249988, upload-time = "2026-01-29T15:11:58.294Z" },
    { url = "https://files.pythonhosted.org/packages/f0/70/54cecb929e6c8b10104fcf580b0cc7dc551aa193e83787dd6f3daba28bb5/orjson-3.11.6-cp312-cp312-macosx_15_0_arm64.whl", hash = "sha256:af44baae65ef386ad971469a8557a0673bb042b0b9fd4397becd9c2dfaa02588", size = 134445, upload-time = "2026-01-29T15:11:59.819Z" },
    { url = "https://files.pythonhosted.org/packages/f2/6f/ec0309154457b9ba1ad05f11faa4441f76037152f75e1ac577db3ce7ca96/orjson-3.11.6-cp312-cp312-manylinux_2_17_aarch64.manylinux2014_aarch64.whl", hash = "sha256:c310a48542094e4f7dbb6ac076880994986dda8ca9186a58c3cb70a3514d3231", size = 137708, upload-time = "2026-01-29T15:12:01.488Z" },
    { url = "https://files.pythonhosted.org/packages/20/52/3c71b80840f8bab9cb26417302707b7716b7d25f863f3a541bcfa232fe6e/orjson-3.11.6-cp312-cp312-manylinux_2_17_armv7l.manylinux2014_armv7l.whl", hash = "sha256:d8dfa7a5d387f15ecad94cb6b2d2d5f4aeea64efd8d526bfc03c9812d01e1cc0", size = 134798, upload-time = "2026-01-29T15:12:02.705Z" },
    { url = "https://files.pythonhosted.org/packages/30/51/b490a43b22ff736282360bd02e6bded455cf31dfc3224e01cd39f919bbd2/orjson-3.11.6-cp312-cp312-manylinux_2_17_i686.manylinux2014_i686.whl", hash = "sha256:ba8daee3e999411b50f8b50dbb0a3071dd1845f3f9a1a0a6fa6de86d1689d84d", size = 140839, upload-time = "2026-01-29T15:12:03.956Z" },
    { url = "https://files.pythonhosted.org/packages/95/bc/4bcfe4280c1bc63c5291bb96f98298845b6355da2226d3400e17e7b51e53/orjson-3.11.6-cp312-cp312-manylinux_2_17_ppc64le.manylinux2014_ppc64le.whl", hash = "sha256:f89d104c974eafd7436d7a5fdbc57f7a1e776789959a2f4f1b2eab5c62a339f4", size = 144080, upload-time = "2026-01-29T15:12:05.151Z" },
    { url = "https://files.pythonhosted.org/packages/01/74/22970f9ead9ab1f1b5f8c227a6c3aa8d71cd2c5acd005868a1d44f2362fa/orjson-3.11.6-cp312-cp312-manylinux_2_17_s390x.manylinux2014_s390x.whl", hash = "sha256:b2e2e2456788ca5ea75616c40da06fc885a7dc0389780e8a41bf7c5389ba257b", size = 142435, upload-time = "2026-01-29T15:12:06.641Z" },
    { url = "https://files.pythonhosted.org/packages/29/34/d564aff85847ab92c82ee43a7a203683566c2fca0723a5f50aebbe759603/orjson-3.11.6-cp312-cp312-manylinux_2_17_x86_64.manylinux2014_x86_64.whl", hash = "sha256:2a42efebc45afabb1448001e90458c4020d5c64fbac8a8dc4045b777db76cb5a", size = 145631, upload-time = "2026-01-29T15:12:08.351Z" },
    { url = "https://files.pythonhosted.org/packages/e7/ef/016957a3890752c4aa2368326ea69fa53cdc1fdae0a94a542b6410dbdf52/orjson-3.11.6-cp312-cp312-musllinux_1_2_aarch64.whl", hash = "sha256:71b7cbef8471324966c3738c90ba38775563ef01b512feb5ad4805682188d1b9", size = 147058, upload-time = "2026-01-29T15:12:10.023Z" },
    { url = "https://files.pythonhosted.org/packages/56/cc/9a899c3972085645b3225569f91a30e221f441e5dc8126e6d060b971c252/orjson-3.11.6-cp312-cp312-musllinux_1_2_armv7l.whl", hash = "sha256:f8515e5910f454fe9a8e13c2bb9dc4bae4c1836313e967e72eb8a4ad874f0248", size = 421161, upload-time = "2026-01-29T15:12:11.308Z" },
    { url = "https://files.pythonhosted.org/packages/21/a8/767d3fbd6d9b8fdee76974db40619399355fd49bf91a6dd2c4b6909ccf05/orjson-3.11.6-cp312-cp312-musllinux_1_2_i686.whl", hash = "sha256:300360edf27c8c9bf7047345a94fddf3a8b8922df0ff69d71d854a170cb375cf", size = 155757, upload-time = "2026-01-29T15:12:12.776Z" },
    { url = "https://files.pythonhosted.org/packages/ad/0b/205cd69ac87e2272e13ef3f5f03a3d4657e317e38c1b08aaa2ef97060bbc/orjson-3.11.6-cp312-cp312-musllinux_1_2_x86_64.whl", hash = "sha256:caaed4dad39e271adfadc106fab634d173b2bb23d9cf7e67bd645f879175ebfc", size = 147446, upload-time = "2026-01-29T15:12:14.166Z" },
    { url = "https://files.pythonhosted.org/packages/de/c5/dd9f22aa9f27c54c7d05cc32f4580c9ac9b6f13811eeb81d6c4c3f50d6b1/orjson-3.11.6-cp312-cp312-win32.whl", hash = "sha256:955368c11808c89793e847830e1b1007503a5923ddadc108547d3b77df761044", size = 139717, upload-time = "2026-01-29T15:12:15.7Z" },
    { url = "https://files.pythonhosted.org/packages/23/a1/e62fc50d904486970315a1654b8cfb5832eb46abb18cd5405118e7e1fc79/orjson-3.11.6-cp312-cp312-win_amd64.whl", hash = "sha256:2c68de30131481150073d90a5d227a4a421982f42c025ecdfb66157f9579e06f", size = 136711, upload-time = "2026-01-29T15:12:17.055Z" },
    { url = "https://files.pythonhosted.org/packages/04/3d/b4fefad8bdf91e0fe212eb04975aeb36ea92997269d68857efcc7eb1dda3/orjson-3.11.6-cp312-cp312-win_arm64.whl", hash = "sha256:65dfa096f4e3a5e02834b681f539a87fbe85adc82001383c0db907557f666bfc", size = 135212, upload-time = "2026-01-29T15:12:18.3Z" },
    { url = "https://files.pythonhosted.org/packages/ae/45/d9c71c8c321277bc1ceebf599bc55ba826ae538b7c61f287e9a7e71bd589/orjson-3.11.6-cp313-cp313-macosx_10_15_x86_64.macosx_11_0_arm64.macosx_10_15_universal2.whl", hash = "sha256:e4ae1670caabb598a88d385798692ce2a1b2f078971b3329cfb85253c6097f5b", size = 249828, upload-time = "2026-01-29T15:12:20.14Z" },
    { url = "https://files.pythonhosted.org/packages/ac/7e/4afcf4cfa9c2f93846d70eee9c53c3c0123286edcbeb530b7e9bd2aea1b2/orjson-3.11.6-cp313-cp313-macosx_15_0_arm64.whl", hash = "sha256:2c6b81f47b13dac2caa5d20fbc953c75eb802543abf48403a4703ed3bff225f0", size = 134339, upload-time = "2026-01-29T15:12:22.01Z" },
    { url = "https://files.pythonhosted.org/packages/40/10/6d2b8a064c8d2411d3d0ea6ab43125fae70152aef6bea77bb50fa54d4097/orjson-3.11.6-cp313-cp313-manylinux_2_17_aarch64.manylinux2014_aarch64.whl", hash = "sha256:647d6d034e463764e86670644bdcaf8e68b076e6e74783383b01085ae9ab334f", size = 137662, upload-time = "2026-01-29T15:12:23.307Z" },
    { url = "https://files.pythonhosted.org/packages/5a/50/5804ea7d586baf83ee88969eefda97a24f9a5bdba0727f73e16305175b26/orjson-3.11.6-cp313-cp313-manylinux_2_17_armv7l.manylinux2014_armv7l.whl", hash = "sha256:8523b9cc4ef174ae52414f7699e95ee657c16aa18b3c3c285d48d7966cce9081", size = 134626, upload-time = "2026-01-29T15:12:25.099Z" },
    { url = "https://files.pythonhosted.org/packages/9e/2e/f0492ed43e376722bb4afd648e06cc1e627fc7ec8ff55f6ee739277813ea/orjson-3.11.6-cp313-cp313-manylinux_2_17_i686.manylinux2014_i686.whl", hash = "sha256:313dfd7184cde50c733fc0d5c8c0e2f09017b573afd11dc36bd7476b30b4cb17", size = 140873, upload-time = "2026-01-29T15:12:26.369Z" },
    { url = "https://files.pythonhosted.org/packages/10/15/6f874857463421794a303a39ac5494786ad46a4ab46d92bda6705d78c5aa/orjson-3.11.6-cp313-cp313-manylinux_2_17_ppc64le.manylinux2014_ppc64le.whl", hash = "sha256:905ee036064ff1e1fd1fb800055ac477cdcb547a78c22c1bc2bbf8d5d1a6fb42", size = 144044, upload-time = "2026-01-29T15:12:28.082Z" },
    { url = "https://files.pythonhosted.org/packages/d2/c7/b7223a3a70f1d0cc2d86953825de45f33877ee1b124a91ca1f79aa6e643f/orjson-3.11.6-cp313-cp313-manylinux_2_17_s390x.manylinux2014_s390x.whl", hash = "sha256:ce374cb98411356ba906914441fc993f271a7a666d838d8de0e0900dd4a4bc12", size = 142396, upload-time = "2026-01-29T15:12:30.529Z" },
    { url = "https://files.pythonhosted.org/packages/87/e3/aa1b6d3ad3cd80f10394134f73ae92a1d11fdbe974c34aa199cc18bb5fcf/orjson-3.11.6-cp313-cp313-manylinux_2_17_x86_64.manylinux2014_x86_64.whl", hash = "sha256:cded072b9f65fcfd188aead45efa5bd528ba552add619b3ad2a81f67400ec450", size = 145600, upload-time = "2026-01-29T15:12:31.848Z" },
    { url = "https://files.pythonhosted.org/packages/f6/cf/e4aac5a46cbd39d7e769ef8650efa851dfce22df1ba97ae2b33efe893b12/orjson-3.11.6-cp313-cp313-musllinux_1_2_aarch64.whl", hash = "sha256:7ab85bdbc138e1f73a234db6bb2e4cc1f0fcec8f4bd2bd2430e957a01aadf746", size = 146967, upload-time = "2026-01-29T15:12:33.203Z" },
    { url = "https://files.pythonhosted.org/packages/0b/04/975b86a4bcf6cfeda47aad15956d52fbeda280811206e9967380fa9355c8/orjson-3.11.6-cp313-cp313-musllinux_1_2_armv7l.whl", hash = "sha256:351b96b614e3c37a27b8ab048239ebc1e0be76cc17481a430d70a77fb95d3844", size = 421003, upload-time = "2026-01-29T15:12:35.097Z" },
    { url = "https://files.pythonhosted.org/packages/28/d1/0369d0baf40eea5ff2300cebfe209883b2473ab4aa4c4974c8bd5ee42bb2/orjson-3.11.6-cp313-cp313-musllinux_1_2_i686.whl", hash = "sha256:f9959c85576beae5cdcaaf39510b15105f1ee8b70d5dacd90152617f57be8c83", size = 155695, upload-time = "2026-01-29T15:12:36.589Z" },
    { url = "https://files.pythonhosted.org/packages/ab/1f/d10c6d6ae26ff1d7c3eea6fd048280ef2e796d4fb260c5424fd021f68ecf/orjson-3.11.6-cp313-cp313-musllinux_1_2_x86_64.whl", hash = "sha256:75682d62b1b16b61a30716d7a2ec1f4c36195de4a1c61f6665aedd947b93a5d5", size = 147392, upload-time = "2026-01-29T15:12:37.876Z" },
    { url = "https://files.pythonhosted.org/packages/8d/43/7479921c174441a0aa5277c313732e20713c0969ac303be9f03d88d3db5d/orjson-3.11.6-cp313-cp313-win32.whl", hash = "sha256:40dc277999c2ef227dcc13072be879b4cfd325502daeb5c35ed768f706f2bf30", size = 139718, upload-time = "2026-01-29T15:12:39.274Z" },
    { url = "https://files.pythonhosted.org/packages/88/bc/9ffe7dfbf8454bc4e75bb8bf3a405ed9e0598df1d3535bb4adcd46be07d0/orjson-3.11.6-cp313-cp313-win_amd64.whl", hash = "sha256:f0f6e9f8ff7905660bc3c8a54cd4a675aa98f7f175cf00a59815e2ff42c0d916", size = 136635, upload-time = "2026-01-29T15:12:40.593Z" },
    { url = "https://files.pythonhosted.org/packages/6f/7e/51fa90b451470447ea5023b20d83331ec741ae28d1e6d8ed547c24e7de14/orjson-3.11.6-cp313-cp313-win_arm64.whl", hash = "sha256:1608999478664de848e5900ce41f25c4ecdfc4beacbc632b6fd55e1a586e5d38", size = 135175, upload-time = "2026-01-29T15:12:41.997Z" },
    { url = "https://files.pythonhosted.org/packages/31/9f/46ca908abaeeec7560638ff20276ab327b980d73b3cc2f5b205b4a1c60b3/orjson-3.11.6-cp314-cp314-macosx_10_15_x86_64.macosx_11_0_arm64.macosx_10_15_universal2.whl", hash = "sha256:6026db2692041d2a23fe2545606df591687787825ad5821971ef0974f2c47630", size = 249823, upload-time = "2026-01-29T15:12:43.332Z" },
    { url = "https://files.pythonhosted.org/packages/ff/78/ca478089818d18c9cd04f79c43f74ddd031b63c70fa2a946eb5e85414623/orjson-3.11.6-cp314-cp314-macosx_15_0_arm64.whl", hash = "sha256:132b0ab2e20c73afa85cf142e547511feb3d2f5b7943468984658f3952b467d4", size = 134328, upload-time = "2026-01-29T15:12:45.171Z" },
    { url = "https://files.pythonhosted.org/packages/39/5e/cbb9d830ed4e47f4375ad8eef8e4fff1bf1328437732c3809054fc4e80be/orjson-3.11.6-cp314-cp314-manylinux_2_17_aarch64.manylinux2014_aarch64.whl", hash = "sha256:b376fb05f20a96ec117d47987dd3b39265c635725bda40661b4c5b73b77b5fde", size = 137651, upload-time = "2026-01-29T15:12:46.602Z" },
    { url = "https://files.pythonhosted.org/packages/7c/3a/35df6558c5bc3a65ce0961aefee7f8364e59af78749fc796ea255bfa0cf5/orjson-3.11.6-cp314-cp314-manylinux_2_17_armv7l.manylinux2014_armv7l.whl", hash = "sha256:954dae4e080574672a1dfcf2a840eddef0f27bd89b0e94903dd0824e9c1db060", size = 134596, upload-time = "2026-01-29T15:12:47.95Z" },
    { url = "https://files.pythonhosted.org/packages/cd/8e/3d32dd7b7f26a19cc4512d6ed0ae3429567c71feef720fe699ff43c5bc9e/orjson-3.11.6-cp314-cp314-manylinux_2_17_i686.manylinux2014_i686.whl", hash = "sha256:fe515bb89d59e1e4b48637a964f480b35c0a2676de24e65e55310f6016cca7ce", size = 140923, upload-time = "2026-01-29T15:12:49.333Z" },
    { url = "https://files.pythonhosted.org/packages/6c/9c/1efbf5c99b3304f25d6f0d493a8d1492ee98693637c10ce65d57be839d7b/orjson-3.11.6-cp314-cp314-manylinux_2_17_ppc64le.manylinux2014_ppc64le.whl", hash = "sha256:380f9709c275917af28feb086813923251e11ee10687257cd7f1ea188bcd4485", size = 144068, upload-time = "2026-01-29T15:12:50.927Z" },
    { url = "https://files.pythonhosted.org/packages/82/83/0d19eeb5be797de217303bbb55dde58dba26f996ed905d301d98fd2d4637/orjson-3.11.6-cp314-cp314-manylinux_2_17_s390x.manylinux2014_s390x.whl", hash = "sha256:a8173e0d3f6081e7034c51cf984036d02f6bab2a2126de5a759d79f8e5a140e7", size = 142493, upload-time = "2026-01-29T15:12:52.432Z" },
    { url = "https://files.pythonhosted.org/packages/32/a7/573fec3df4dc8fc259b7770dc6c0656f91adce6e19330c78d23f87945d1e/orjson-3.11.6-cp314-cp314-manylinux_2_17_x86_64.manylinux2014_x86_64.whl", hash = "sha256:6dddf9ba706294906c56ef5150a958317b09aa3a8a48df1c52ccf22ec1907eac", size = 145616, upload-time = "2026-01-29T15:12:53.903Z" },
    { url = "https://files.pythonhosted.org/packages/c2/0e/23551b16f21690f7fd5122e3cf40fdca5d77052a434d0071990f97f5fe2f/orjson-3.11.6-cp314-cp314-musllinux_1_2_aarch64.whl", hash = "sha256:cbae5c34588dc79938dffb0b6fbe8c531f4dc8a6ad7f39759a9eb5d2da405ef2", size = 146951, upload-time = "2026-01-29T15:12:55.698Z" },
    { url = "https://files.pythonhosted.org/packages/b8/63/5e6c8f39805c39123a18e412434ea364349ee0012548d08aa586e2bd6aa9/orjson-3.11.6-cp314-cp314-musllinux_1_2_armv7l.whl", hash = "sha256:f75c318640acbddc419733b57f8a07515e587a939d8f54363654041fd1f4e465", size = 421024, upload-time = "2026-01-29T15:12:57.434Z" },
    { url = "https://files.pythonhosted.org/packages/1d/4d/724975cf0087f6550bd01fd62203418afc0ea33fd099aed318c5bcc52df8/orjson-3.11.6-cp314-cp314-musllinux_1_2_i686.whl", hash = "sha256:e0ab8d13aa2a3e98b4a43487c9205b2c92c38c054b4237777484d503357c8437", size = 155774, upload-time = "2026-01-29T15:12:59.397Z" },
    { url = "https://files.pythonhosted.org/packages/a8/a3/f4c4e3f46b55db29e0a5f20493b924fc791092d9a03ff2068c9fe6c1002f/orjson-3.11.6-cp314-cp314-musllinux_1_2_x86_64.whl", hash = "sha256:f884c7fb1020d44612bd7ac0db0babba0e2f78b68d9a650c7959bf99c783773f", size = 147393, upload-time = "2026-01-29T15:13:00.769Z" },
    { url = "https://files.pythonhosted.org/packages/ee/86/6f5529dd27230966171ee126cecb237ed08e9f05f6102bfaf63e5b32277d/orjson-3.11.6-cp314-cp314-win32.whl", hash = "sha256:8d1035d1b25732ec9f971e833a3e299d2b1a330236f75e6fd945ad982c76aaf3", size = 139760, upload-time = "2026-01-29T15:13:02.173Z" },
    { url = "https://files.pythonhosted.org/packages/d3/b5/91ae7037b2894a6b5002fb33f4fbccec98424a928469835c3837fbb22a9b/orjson-3.11.6-cp314-cp314-win_amd64.whl", hash = "sha256:931607a8865d21682bb72de54231655c86df1870502d2962dbfd12c82890d077", size = 136633, upload-time = "2026-01-29T15:13:04.267Z" },
    { url = "https://files.pythonhosted.org/packages/55/74/f473a3ec7a0a7ebc825ca8e3c86763f7d039f379860c81ba12dcdd456547/orjson-3.11.6-cp314-cp314-win_arm64.whl", hash = "sha256:fe71f6b283f4f1832204ab8235ce07adad145052614f77c876fcf0dac97bc06f", size = 135168, upload-time = "2026-01-29T15:13:05.932Z" },
]

[[package]]
name = "pypika-tortoise"
version = "0.6.1"
source = { registry = "https://pypi.org/simple" }
sdist = { url = "https://files.pythonhosted.org/packages/db/03/c293fd42c3669e5a79d508c3ed1ca3ffa501600d93abd904a0f86d493ba0/pypika_tortoise-0.6.1.tar.gz", hash = "sha256:36ec2c88c255b9ed7ef49a6068cdeac10dafd4ddfeb828205d3afc092507fc3a", size = 39951, upload-time = "2025-06-04T14:11:53.915Z" }
wheels = [
    { url = "https://files.pythonhosted.org/packages/1c/cd/fa8124fe37a2f1e8e362e128407b26e6a651dd6190a1e53c9fe5ab550842/pypika_tortoise-0.6.1-py3-none-any.whl", hash = "sha256:da15886f37b347e71f0869f9e4ee2f9259e6bb57455b45299c6c23d7927cbb6e", size = 46593, upload-time = "2025-06-04T14:11:52.977Z" },
]

[[package]]
name = "pytz"
version = "2025.2"
source = { registry = "https://pypi.org/simple" }
sdist = { url = "https://files.pythonhosted.org/packages/f8/bf/abbd3cdfb8fbc7fb3d4d38d320f2441b1e7cbe29be4f23797b4a2b5d8aac/pytz-2025.2.tar.gz", hash = "sha256:360b9e3dbb49a209c21ad61809c7fb453643e048b38924c765813546746e81c3", size = 320884, upload-time = "2025-03-25T02:25:00.538Z" }
wheels = [
    { url = "https://files.pythonhosted.org/packages/81/c4/34e93fe5f5429d7570ec1fa436f1986fb1f00c3e0f43a589fe2bbcd22c3f/pytz-2025.2-py2.py3-none-any.whl", hash = "sha256:5ddf76296dd8c44c26eb8f4b6f35488f3ccbf6fbbd7adee0b7262d43f0ec2f00", size = 509225, upload-time = "2025-03-25T02:24:58.468Z" },
]

[[package]]
name = "tortoise-orm"
version = "0.25.1"
source = { registry = "https://pypi.org/simple" }
dependencies = [
    { name = "aiosqlite" },
    { name = "iso8601", marker = "python_full_version < '4'" },
    { name = "pypika-tortoise", marker = "python_full_version < '4'" },
    { name = "pytz" },
]
sdist = { url = "https://files.pythonhosted.org/packages/d7/9b/de966810021fa773fead258efd8deea2bb73bb12479e27f288bd8ceb8763/tortoise_orm-0.25.1.tar.gz", hash = "sha256:4d5bfd13d5750935ffe636a6b25597c5c8f51c47e5b72d7509d712eda1a239fe", size = 128341, upload-time = "2025-06-05T10:43:31.058Z" }
wheels = [
    { url = "https://files.pythonhosted.org/packages/70/55/2bda7f4445f4c07b734385b46d1647a388d05160cf5b8714a713e8709378/tortoise_orm-0.25.1-py3-none-any.whl", hash = "sha256:df0ef7e06eb0650a7e5074399a51ee6e532043308c612db2cac3882486a3fd9f", size = 167723, upload-time = "2025-06-05T10:43:29.309Z" },
]

[[package]]
name = "tortoise-testing"
version = "0.1.0"
source = { virtual = "." }
dependencies = [
    { name = "orjson" },
    { name = "tortoise-orm" },
]

[package.metadata]
requires-dist = [
    { name = "orjson", specifier = ">=3.11.6" },
    { name = "tortoise-orm", specifier = ">=0.25.1" },
]

[[package]]
name = "typing-extensions"
version = "4.14.0"
source = { registry = "https://pypi.org/simple" }
sdist = { url = "https://files.pythonhosted.org/packages/d1/bc/51647cd02527e87d05cb083ccc402f93e441606ff1f01739a62c8ad09ba5/typing_extensions-4.14.0.tar.gz", hash = "sha256:8676b788e32f02ab42d9e7c61324048ae4c6d844a399eebace3d4979d75ceef4", size = 107423, upload-time = "2025-06-02T14:52:11.399Z" }
wheels = [
    { url = "https://files.pythonhosted.org/packages/69/e0/552843e0d356fbb5256d21449fa957fa4eff3bbc135a74a691ee70c7c5da/typing_extensions-4.14.0-py3-none-any.whl", hash = "sha256:a1514509136dd0b477638fc68d6a91497af5076466ad0fa6c338e44e359944af", size = 43839, upload-time = "2025-06-02T14:52:10.026Z" },
]
