{
  "nodes": {
    "nixpkgs": {
      "locked": {
        "lastModified": 1700851152,
        "narHash": "sha256-3PWITNJZyA3jz5IGREJRfSykM6xSLmD8u5A3WpBCyDM=",
        "path": "/nix/store/pl1pk1azlj3rhgbx7nx8s71c846yl3mb-source",
        "rev": "1216a5ba22a93a4a3a3bfdb4bff0f4727c576fcc",
        "type": "path"
      },
      "original": {
        "id": "nixpkgs",
        "type": "indirect"
      }
    },
    "root": {
      "inputs": {
        "nixpkgs": "nixpkgs"
      }
    }
  },
  "root": "root",
  "version": 7
}
